{
  "version": 4,
  "terraform_version": "1.1.1",
  "serial": 109,
  "lineage": "21866644-5652-e56d-3b50-771281d86d69",
  "outputs": {
    "client_certificate": {
      "value": "",
      "type": "string"
    },
    "client_key": {
      "value": "",
      "type": "string",
      "sensitive": true
    },
    "cluster_ca_certificate": {
      "value": "-----BEGIN CERTIFICATE-----\nMIIELTCCApWgAwIBAgIRALhjm0A9hjvBudqc3UsA1sowDQYJKoZIhvcNAQELBQAw\nLzEtMCsGA1UEAxMkZTJhYzcwMWQtODlmMi00MzA2LThlMzYtMmIwOTg1OWM3ZGZj\nMCAXDTIyMDQxMTA0MjExMFoYDzIwNTIwNDAzMDUyMTEwWjAvMS0wKwYDVQQDEyRl\nMmFjNzAxZC04OWYyLTQzMDYtOGUzNi0yYjA5ODU5YzdkZmMwggGiMA0GCSqGSIb3\nDQEBAQUAA4IBjwAwggGKAoIBgQCdBD4Z8wOTM7BNN8myiSOOFwZ5hI2XTBPS6CGX\nKvwEoEpB2mjh0JhCcL4IwO1J3+xF4E729n1XVxhYE5HIQ1maiFaowGAU/FsHn09k\n+6hXH0U9kiP5xNmkcGfiIYZ5AeiQ6XssVQxCi9TUHgaTbqdrjNNgLpk1Klx7Z5qh\nUXsMv91OCxJiIXaEWmIKSu9/JQLMMVU++1zulRZUc9nQ23gwNwaWcc+oQS+KuHBf\ntYTR8QD+mWU4yWo0zr8Y+hRIE8E1baEeFWvd4lfLsiJki3saiId0e5HMpH3+M8zd\n5pyLIfHFvh2a+rVk9Aaq4Cc3pZVey8pxIyqDIZ/9dGaZTLbhyb9Zqf5QoXjElq4y\n5spCBpZDs67EsWTeX5LSRb9r+dWydQ/QXt89wPOSOwajVrYBIhtmsKWpa11kbu8g\n5dv5e+kl8Sxs2l3YrWvHiXPRTy7R2A3M6d8onfqMiLkb7aMAFVgU/FIe0wurTrdt\nSVl46iY1lO2ErUT+VRQcSYv83fkCAwEAAaNCMEAwDgYDVR0PAQH/BAQDAgIEMA8G\nA1UdEwEB/wQFMAMBAf8wHQYDVR0OBBYEFJjTGu2UdxxN2vExwP1aIoeU6HPKMA0G\nCSqGSIb3DQEBCwUAA4IBgQBN4Un2DQ2LpQ88SblyJSRnHTZsJ3HJJmrioyGy4TMg\nurYFMaSl/Y4jZjAn/878dlgJGTiTKkUy9Iq6+994hGjIIQ+jxCLi1HSSl/M2kj2o\nB8zdVRW+mu6QfGg445anFT4j/pG291h1E0sStSXY8RZMmXmaOpTIIzffOSFPI/0S\nr4jtZwk42+bM/VAud1tIrZOR/1uDYzRUHin2jiZNzmN5ueohAfQDhW7s4g2U5ScZ\nPp5b+03bE8pb7gZbimLOoZ7mw095PG6AbLBDaNGpVVyXaNK5npPNISj+px/hkWkx\njBI+EfGFpl5Z89TF74+dY0qX3SlTLpnJXBPg0+GY7xFWw4vufAqeXiH/loJg3gCa\nX91enEyVO5Xt1Hm3XgMBZCoo5Ro96fQnXllRik83bC9+6gXMCyAh63hG31zXhz2x\ns3BlEUF0mExRtaJcCHlDcYOP4CAK+8GZM1tui/bejGsYw+hYAs+SltyrKIDsiJjw\nkrxRtmrLaOJMjVOSNh4ILs4=\n-----END CERTIFICATE-----\n",
      "type": "string",
      "sensitive": true
    },
    "cluster_endpoint": {
      "value": "35.193.28.250",
      "type": "string",
      "sensitive": true
    }
  },
  "resources": [
    {
      "mode": "data",
      "type": "google_client_config",
      "name": "client",
      "provider": "provider[\"registry.terraform.io/hashicorp/google\"]",
      "instances": [
        {
          "schema_version": 0,
          "attributes": {
            "access_token": "ya29.A0ARrdaM-acYbwAiJva1O1F_AVXEfSN2uCNcq0UjElhsivpm0TyRjpnmZ3nVEGLapcVdD4U6KEUBSdmuw1LjDmZW21abSq_8yX__e91NDD0HdwcP3FDvBT_-wKeNHK2HBDEVpmjW5d-Cx5sHhMAfew2zznSRc7WDJtESTBqAc",
            "id": "projects/satya-project-344408/regions/us-central1/zones/",
            "project": "satya-project-344408",
            "region": "us-central1",
            "zone": ""
          },
          "sensitive_attributes": []
        }
      ]
    },
    {
      "mode": "data",
      "type": "google_client_config",
      "name": "default",
      "provider": "provider[\"registry.terraform.io/hashicorp/google\"]",
      "instances": [
        {
          "schema_version": 0,
          "attributes": {
            "access_token": "ya29.A0ARrdaM-acYbwAiJva1O1F_AVXEfSN2uCNcq0UjElhsivpm0TyRjpnmZ3nVEGLapcVdD4U6KEUBSdmuw1LjDmZW21abSq_8yX__e91NDD0HdwcP3FDvBT_-wKeNHK2HBDEVpmjW5d-Cx5sHhMAfew2zznSRc7WDJtESTBqAc",
            "id": "projects/satya-project-344408/regions/us-central1/zones/",
            "project": "satya-project-344408",
            "region": "us-central1",
            "zone": ""
          },
          "sensitive_attributes": []
        }
      ]
    },
    {
      "mode": "data",
      "type": "google_client_openid_userinfo",
      "name": "terraform_user",
      "provider": "provider[\"registry.terraform.io/hashicorp/google\"]",
      "instances": [
        {
          "schema_version": 0,
          "attributes": {
            "email": "joyc.chatterjee13@gmail.com",
            "id": "joyc.chatterjee13@gmail.com"
          },
          "sensitive_attributes": []
        }
      ]
    },
    {
      "mode": "managed",
      "type": "google_container_node_pool",
      "name": "node_pool",
      "provider": "provider[\"registry.terraform.io/hashicorp/google\"]",
      "instances": [
        {
          "schema_version": 1,
          "attributes": {
            "autoscaling": [
              {
                "max_node_count": 5,
                "min_node_count": 2
              }
            ],
            "cluster": "joy-cluster",
            "id": "projects/satya-project-344408/locations/us-central1-c/clusters/joy-cluster/nodePools/main-pool",
            "initial_node_count": 1,
            "instance_group_urls": [
              "https://www.googleapis.com/compute/v1/projects/satya-project-344408/zones/us-central1-c/instanceGroupManagers/gke-joy-cluster-main-pool-2f150570-grp"
            ],
            "location": "us-central1-c",
            "management": [
              {
                "auto_repair": true,
                "auto_upgrade": true
              }
            ],
            "max_pods_per_node": 110,
            "name": "main-pool",
            "name_prefix": "",
            "node_config": [
              {
                "disk_size_gb": 30,
                "disk_type": "pd-standard",
                "guest_accelerator": [],
                "image_type": "COS",
                "labels": {
                  "all-pools-example": "true"
                },
                "local_ssd_count": 0,
                "machine_type": "n1-standard-1",
                "metadata": {
                  "disable-legacy-endpoints": "true"
                },
                "min_cpu_platform": "",
                "oauth_scopes": [
                  "https://www.googleapis.com/auth/cloud-platform"
                ],
                "preemptible": false,
                "service_account": "joy-cluster-sa@satya-project-344408.iam.gserviceaccount.com",
                "shielded_instance_config": [
                  {
                    "enable_integrity_monitoring": true,
                    "enable_secure_boot": false
                  }
                ],
                "tags": [
                  "public",
                  "helm-example"
                ],
                "taint": [],
                "workload_metadata_config": []
              }
            ],
            "node_count": 2,
            "node_locations": [
              "us-central1-c"
            ],
            "project": "satya-project-344408",
            "timeouts": {
              "create": "30m",
              "delete": "30m",
              "update": "30m"
            },
            "upgrade_settings": [
              {
                "max_surge": 1,
                "max_unavailable": 0
              }
            ],
            "version": "1.22.8-gke.200"
          },
          "sensitive_attributes": [],
          "private": "eyJlMmJmYjczMC1lY2FhLTExZTYtOGY4OC0zNDM2M2JjN2M0YzAiOnsiY3JlYXRlIjoxODAwMDAwMDAwMDAwLCJkZWxldGUiOjE4MDAwMDAwMDAwMDAsInVwZGF0ZSI6MTgwMDAwMDAwMDAwMH0sInNjaGVtYV92ZXJzaW9uIjoiMSJ9",
          "dependencies": [
            "module.gke_cluster.google_container_cluster.cluster",
            "module.gke_service_account.google_service_account.service_account"
          ]
        }
      ]
    },
    {
      "mode": "managed",
      "type": "random_string",
      "name": "suffix",
      "provider": "provider[\"registry.terraform.io/hashicorp/random\"]",
      "instances": [
        {
          "schema_version": 1,
          "attributes": {
            "id": "c8vf",
            "keepers": null,
            "length": 4,
            "lower": true,
            "min_lower": 0,
            "min_numeric": 0,
            "min_special": 0,
            "min_upper": 0,
            "number": true,
            "override_special": null,
            "result": "c8vf",
            "special": false,
            "upper": false
          },
          "sensitive_attributes": [],
          "private": "eyJzY2hlbWFfdmVyc2lvbiI6IjEifQ=="
        }
      ]
    },
    {
      "module": "module.gke_cluster",
      "mode": "data",
      "type": "google_container_engine_versions",
      "name": "location",
      "provider": "provider[\"registry.terraform.io/hashicorp/google\"]",
      "instances": [
        {
          "schema_version": 0,
          "attributes": {
            "default_cluster_version": "1.21.6-gke.1503",
            "id": "2022-04-11 05:44:44.769462 +0000 UTC",
            "latest_master_version": "1.22.8-gke.200",
            "latest_node_version": "1.22.8-gke.200",
            "location": "us-central1-c",
            "project": "satya-project-344408",
            "release_channel_default_version": {
              "RAPID": "1.22.7-gke.1500",
              "REGULAR": "1.21.6-gke.1503",
              "STABLE": "1.20.15-gke.1000"
            },
            "valid_master_versions": [
              "1.22.8-gke.200",
              "1.22.7-gke.1500",
              "1.22.7-gke.1300",
              "1.22.7-gke.900",
              "1.22.7-gke.300",
              "1.22.6-gke.1000",
              "1.22.6-gke.300",
              "1.21.10-gke.2000",
              "1.21.10-gke.1500",
              "1.21.10-gke.1300",
              "1.21.10-gke.400",
              "1.21.9-gke.1002",
              "1.21.9-gke.1001",
              "1.21.9-gke.300",
              "1.21.6-gke.1503",
              "1.21.5-gke.1805",
              "1.20.15-gke.4100",
              "1.20.15-gke.3600",
              "1.20.15-gke.3400",
              "1.20.15-gke.2500",
              "1.20.15-gke.1000",
              "1.20.15-gke.300",
              "1.19.16-gke.9900",
              "1.19.16-gke.9400",
              "1.19.16-gke.9200",
              "1.19.16-gke.8300",
              "1.19.16-gke.6800"
            ],
            "valid_node_versions": [
              "1.22.8-gke.200",
              "1.22.7-gke.1500",
              "1.22.7-gke.1300",
              "1.22.7-gke.900",
              "1.22.7-gke.300",
              "1.22.6-gke.1000",
              "1.22.6-gke.300",
              "1.22.4-gke.1501",
              "1.22.3-gke.1500",
              "1.21.10-gke.2000",
              "1.21.10-gke.1500",
              "1.21.10-gke.1300",
              "1.21.10-gke.400",
              "1.21.9-gke.1002",
              "1.21.9-gke.1001",
              "1.21.9-gke.1000",
              "1.21.9-gke.300",
              "1.21.6-gke.1503",
              "1.21.6-gke.1501",
              "1.21.6-gke.1500",
              "1.21.5-gke.1805",
              "1.21.5-gke.1802",
              "1.21.5-gke.1302",
              "1.21.5-gke.1300",
              "1.21.4-gke.2302",
              "1.21.4-gke.2300",
              "1.21.3-gke.2003",
              "1.21.3-gke.2001",
              "1.20.15-gke.4100",
              "1.20.15-gke.3600",
              "1.20.15-gke.3400",
              "1.20.15-gke.2500",
              "1.20.15-gke.1000",
              "1.20.15-gke.300",
              "1.20.12-gke.1500",
              "1.20.11-gke.1801",
              "1.20.11-gke.1300",
              "1.20.10-gke.2100",
              "1.20.10-gke.1600",
              "1.20.10-gke.301",
              "1.20.9-gke.2100",
              "1.20.9-gke.1001",
              "1.20.9-gke.1000",
              "1.20.9-gke.701",
              "1.20.9-gke.700",
              "1.20.8-gke.2101",
              "1.20.8-gke.2100",
              "1.20.8-gke.900",
              "1.20.8-gke.700",
              "1.20.7-gke.2200",
              "1.20.7-gke.1800",
              "1.20.6-gke.1400",
              "1.20.6-gke.1000",
              "1.19.16-gke.9900",
              "1.19.16-gke.9400",
              "1.19.16-gke.9200",
              "1.19.16-gke.8300",
              "1.19.16-gke.6800",
              "1.19.16-gke.6100",
              "1.19.16-gke.3600",
              "1.19.15-gke.1801",
              "1.19.15-gke.1300",
              "1.19.15-gke.500",
              "1.19.14-gke.2300",
              "1.19.14-gke.1900",
              "1.19.14-gke.301",
              "1.19.14-gke.300",
              "1.19.13-gke.1900",
              "1.19.13-gke.1200",
              "1.19.13-gke.701",
              "1.19.13-gke.700",
              "1.19.12-gke.2101",
              "1.19.12-gke.2100",
              "1.19.12-gke.1100",
              "1.19.12-gke.900",
              "1.19.12-gke.700",
              "1.19.11-gke.2101",
              "1.19.11-gke.2100",
              "1.19.11-gke.1701",
              "1.19.11-gke.1700",
              "1.19.10-gke.1701",
              "1.19.10-gke.1700",
              "1.19.10-gke.1601",
              "1.19.10-gke.1600",
              "1.19.10-gke.1001",
              "1.19.10-gke.1000",
              "1.19.9-gke.1900",
              "1.19.9-gke.1400",
              "1.19.9-gke.700",
              "1.19.9-gke.100",
              "1.19.8-gke.2000",
              "1.19.8-gke.1600",
              "1.19.8-gke.1000",
              "1.19.7-gke.2503",
              "1.19.7-gke.1500",
              "1.19.7-gke.1302",
              "1.19.7-gke.800",
              "1.19.6-gke.1700",
              "1.19.6-gke.1100",
              "1.19.6-gke.600",
              "1.18.20-gke.6101",
              "1.18.20-gke.6000",
              "1.18.20-gke.4501",
              "1.18.20-gke.4500",
              "1.18.20-gke.4100",
              "1.18.20-gke.3300",
              "1.18.20-gke.3001",
              "1.18.20-gke.3000",
              "1.18.20-gke.2300",
              "1.18.20-gke.901",
              "1.18.20-gke.900",
              "1.18.20-gke.501",
              "1.18.19-gke.2101",
              "1.18.19-gke.2100",
              "1.18.19-gke.1701",
              "1.18.19-gke.1700",
              "1.18.18-gke.1701",
              "1.18.18-gke.1700",
              "1.18.18-gke.1101",
              "1.18.18-gke.1100",
              "1.18.17-gke.1901",
              "1.18.17-gke.1900",
              "1.18.17-gke.1201",
              "1.18.17-gke.1200",
              "1.18.17-gke.700",
              "1.18.17-gke.100",
              "1.18.16-gke.2100",
              "1.18.16-gke.1201",
              "1.18.16-gke.1200",
              "1.18.16-gke.502",
              "1.18.16-gke.500",
              "1.18.16-gke.302",
              "1.18.16-gke.300",
              "1.18.15-gke.2500",
              "1.18.15-gke.1502",
              "1.18.15-gke.1501",
              "1.18.15-gke.1500",
              "1.18.15-gke.1102",
              "1.18.15-gke.1100",
              "1.18.15-gke.800",
              "1.18.14-gke.1600",
              "1.18.14-gke.1200",
              "1.18.12-gke.1210",
              "1.18.12-gke.1206",
              "1.18.12-gke.1205",
              "1.18.12-gke.1201",
              "1.18.12-gke.1200",
              "1.18.12-gke.300",
              "1.18.10-gke.2701",
              "1.18.10-gke.2101",
              "1.18.10-gke.1500",
              "1.18.10-gke.601",
              "1.18.9-gke.2501",
              "1.18.9-gke.1501",
              "1.18.9-gke.801",
              "1.18.6-gke.4801",
              "1.18.6-gke.3504",
              "1.18.6-gke.3503",
              "1.17.17-gke.9100",
              "1.17.17-gke.8500",
              "1.17.17-gke.8200",
              "1.17.17-gke.7800",
              "1.17.17-gke.7200",
              "1.17.17-gke.6700",
              "1.17.17-gke.6000",
              "1.17.17-gke.5400",
              "1.17.17-gke.4900",
              "1.17.17-gke.4400",
              "1.17.17-gke.3700",
              "1.17.17-gke.3000",
              "1.17.17-gke.2800",
              "1.17.17-gke.2500",
              "1.17.17-gke.1500",
              "1.17.17-gke.1101",
              "1.17.17-gke.1100",
              "1.17.17-gke.600",
              "1.17.16-gke.1600",
              "1.17.16-gke.1300",
              "1.17.15-gke.800",
              "1.17.15-gke.300",
              "1.17.14-gke.1600",
              "1.17.14-gke.1200",
              "1.17.14-gke.400",
              "1.17.13-gke.2600",
              "1.17.13-gke.2001",
              "1.17.13-gke.1401",
              "1.17.13-gke.1400",
              "1.17.13-gke.600",
              "1.17.12-gke.2502",
              "1.17.12-gke.1504",
              "1.17.12-gke.1501",
              "1.17.12-gke.500",
              "1.17.9-gke.6300",
              "1.17.9-gke.1504",
              "1.16.15-gke.14800",
              "1.16.15-gke.12500",
              "1.16.15-gke.11800",
              "1.16.15-gke.10600",
              "1.16.15-gke.7801",
              "1.16.15-gke.7800",
              "1.16.15-gke.7300",
              "1.16.15-gke.6900",
              "1.16.15-gke.6000",
              "1.16.15-gke.5500",
              "1.16.15-gke.4901",
              "1.16.15-gke.4301",
              "1.16.15-gke.4300",
              "1.16.15-gke.3500",
              "1.16.15-gke.2601",
              "1.16.15-gke.1600",
              "1.16.15-gke.500",
              "1.16.13-gke.404",
              "1.16.13-gke.403",
              "1.16.13-gke.401",
              "1.16.13-gke.400",
              "1.16.13-gke.1",
              "1.16.11-gke.5",
              "1.16.10-gke.8",
              "1.16.9-gke.6",
              "1.16.9-gke.2",
              "1.16.8-gke.15",
              "1.16.8-gke.12",
              "1.16.8-gke.9",
              "1.15.12-gke.6002",
              "1.15.12-gke.6001",
              "1.15.12-gke.5000",
              "1.15.12-gke.4002",
              "1.15.12-gke.4000",
              "1.15.12-gke.20",
              "1.15.12-gke.17",
              "1.15.12-gke.16",
              "1.15.12-gke.13",
              "1.15.12-gke.9",
              "1.15.12-gke.6",
              "1.15.12-gke.3",
              "1.15.12-gke.2",
              "1.15.11-gke.17",
              "1.15.11-gke.15",
              "1.15.11-gke.13",
              "1.15.11-gke.12",
              "1.15.11-gke.11",
              "1.15.11-gke.9",
              "1.15.11-gke.5",
              "1.15.11-gke.3",
              "1.15.11-gke.1",
              "1.15.9-gke.26",
              "1.15.9-gke.24",
              "1.15.9-gke.22",
              "1.15.9-gke.12",
              "1.15.9-gke.9",
              "1.15.9-gke.8",
              "1.15.8-gke.3",
              "1.15.8-gke.2",
              "1.15.7-gke.23",
              "1.15.7-gke.2",
              "1.15.4-gke.22",
              "1.14.10-gke.1504",
              "1.14.10-gke.902",
              "1.14.10-gke.50",
              "1.14.10-gke.46",
              "1.14.10-gke.45",
              "1.14.10-gke.42",
              "1.14.10-gke.41",
              "1.14.10-gke.40",
              "1.14.10-gke.37",
              "1.14.10-gke.36",
              "1.14.10-gke.34",
              "1.14.10-gke.32",
              "1.14.10-gke.31",
              "1.14.10-gke.27",
              "1.14.10-gke.24",
              "1.14.10-gke.22",
              "1.14.10-gke.21",
              "1.14.10-gke.17",
              "1.14.10-gke.0",
              "1.14.9-gke.23",
              "1.14.9-gke.2",
              "1.14.9-gke.0",
              "1.14.8-gke.33",
              "1.14.8-gke.21",
              "1.14.8-gke.18",
              "1.14.8-gke.17",
              "1.14.8-gke.14",
              "1.14.8-gke.12",
              "1.14.8-gke.7",
              "1.14.8-gke.2",
              "1.14.7-gke.40",
              "1.14.7-gke.25",
              "1.14.7-gke.23",
              "1.14.7-gke.17",
              "1.14.7-gke.14",
              "1.14.7-gke.10",
              "1.14.6-gke.13",
              "1.14.6-gke.2",
              "1.14.6-gke.1",
              "1.14.3-gke.11",
              "1.14.3-gke.10",
              "1.14.3-gke.9",
              "1.14.2-gke.9",
              "1.14.1-gke.5",
              "1.13.12-gke.30",
              "1.13.12-gke.25",
              "1.13.12-gke.17",
              "1.13.12-gke.16",
              "1.13.12-gke.14",
              "1.13.12-gke.13",
              "1.13.12-gke.10",
              "1.13.12-gke.8",
              "1.13.12-gke.4",
              "1.13.12-gke.2",
              "1.13.11-gke.23",
              "1.13.11-gke.15",
              "1.13.11-gke.14",
              "1.13.11-gke.12",
              "1.13.11-gke.11",
              "1.13.11-gke.9",
              "1.13.11-gke.5",
              "1.13.10-gke.7",
              "1.13.10-gke.0",
              "1.13.9-gke.11",
              "1.13.9-gke.3",
              "1.13.7-gke.24",
              "1.13.7-gke.19",
              "1.13.7-gke.15",
              "1.13.7-gke.8",
              "1.13.7-gke.0",
              "1.13.6-gke.13",
              "1.13.6-gke.6",
              "1.13.6-gke.5",
              "1.13.6-gke.0",
              "1.13.5-gke.10",
              "1.12.10-gke.22",
              "1.12.10-gke.20",
              "1.12.10-gke.19",
              "1.12.10-gke.18",
              "1.12.10-gke.17",
              "1.12.10-gke.15",
              "1.12.10-gke.13",
              "1.12.10-gke.11",
              "1.12.10-gke.5",
              "1.12.9-gke.16",
              "1.12.9-gke.15",
              "1.12.9-gke.13",
              "1.12.9-gke.10",
              "1.12.9-gke.7",
              "1.12.9-gke.3",
              "1.12.8-gke.12",
              "1.12.8-gke.10",
              "1.12.8-gke.7",
              "1.12.8-gke.6",
              "1.12.7-gke.26",
              "1.12.7-gke.25",
              "1.12.7-gke.24",
              "1.12.7-gke.22",
              "1.12.7-gke.21",
              "1.12.7-gke.17",
              "1.12.7-gke.10",
              "1.12.7-gke.7",
              "1.12.6-gke.11",
              "1.12.6-gke.10",
              "1.12.6-gke.7",
              "1.12.5-gke.10",
              "1.12.5-gke.5",
              "1.11.10-gke.6",
              "1.11.10-gke.5"
            ],
            "version_prefix": null
          },
          "sensitive_attributes": []
        }
      ]
    },
    {
      "module": "module.gke_cluster",
      "mode": "managed",
      "type": "google_container_cluster",
      "name": "cluster",
      "provider": "provider[\"registry.terraform.io/hashicorp/google\"]",
      "instances": [
        {
          "schema_version": 1,
          "attributes": {
            "addons_config": [
              {
                "cloudrun_config": [],
                "horizontal_pod_autoscaling": [
                  {
                    "disabled": false
                  }
                ],
                "http_load_balancing": [
                  {
                    "disabled": false
                  }
                ],
                "network_policy_config": [
                  {
                    "disabled": false
                  }
                ]
              }
            ],
            "authenticator_groups_config": [],
            "cluster_autoscaling": [
              {
                "auto_provisioning_defaults": [],
                "enabled": false,
                "resource_limits": []
              }
            ],
            "cluster_ipv4_cidr": "10.4.0.0/20",
            "database_encryption": [
              {
                "key_name": "",
                "state": "DECRYPTED"
              }
            ],
            "default_max_pods_per_node": 110,
            "description": "",
            "enable_binary_authorization": false,
            "enable_intranode_visibility": null,
            "enable_kubernetes_alpha": false,
            "enable_legacy_abac": false,
            "enable_shielded_nodes": false,
            "enable_tpu": null,
            "endpoint": "35.193.28.250",
            "id": "projects/satya-project-344408/locations/us-central1-c/clusters/joy-cluster",
            "initial_node_count": 1,
            "instance_group_urls": [
              "https://www.googleapis.com/compute/v1/projects/satya-project-344408/zones/us-central1-c/instanceGroups/gke-joy-cluster-main-pool-2f150570-grp"
            ],
            "ip_allocation_policy": [
              {
                "cluster_ipv4_cidr_block": "10.4.0.0/20",
                "cluster_secondary_range_name": "public-cluster",
                "services_ipv4_cidr_block": "10.232.160.0/20",
                "services_secondary_range_name": "gke-joy-cluster-services-9950eea8"
              }
            ],
            "label_fingerprint": "c3227bfc",
            "location": "us-central1-c",
            "logging_service": "logging.googleapis.com/kubernetes",
            "maintenance_policy": [
              {
                "daily_maintenance_window": [
                  {
                    "duration": "PT4H0M0S",
                    "start_time": "05:00"
                  }
                ],
                "recurring_window": []
              }
            ],
            "master_auth": [
              {
                "client_certificate": "",
                "client_certificate_config": [
                  {
                    "issue_client_certificate": false
                  }
                ],
                "client_key": "",
                "cluster_ca_certificate": "LS0tLS1CRUdJTiBDRVJUSUZJQ0FURS0tLS0tCk1JSUVMVENDQXBXZ0F3SUJBZ0lSQUxoam0wQTloanZCdWRxYzNVc0Exc293RFFZSktvWklodmNOQVFFTEJRQXcKTHpFdE1Dc0dBMVVFQXhNa1pUSmhZemN3TVdRdE9EbG1NaTAwTXpBMkxUaGxNell0TW1Jd09UZzFPV00zWkdaagpNQ0FYRFRJeU1EUXhNVEEwTWpFeE1Gb1lEekl3TlRJd05EQXpNRFV5TVRFd1dqQXZNUzB3S3dZRFZRUURFeVJsCk1tRmpOekF4WkMwNE9XWXlMVFF6TURZdE9HVXpOaTB5WWpBNU9EVTVZemRrWm1Nd2dnR2lNQTBHQ1NxR1NJYjMKRFFFQkFRVUFBNElCandBd2dnR0tBb0lCZ1FDZEJENFo4d09UTTdCTk44bXlpU09PRndaNWhJMlhUQlBTNkNHWApLdndFb0VwQjJtamgwSmhDY0w0SXdPMUozK3hGNEU3MjluMVhWeGhZRTVISVExbWFpRmFvd0dBVS9Gc0huMDlrCis2aFhIMFU5a2lQNXhObWtjR2ZpSVlaNUFlaVE2WHNzVlF4Q2k5VFVIZ2FUYnFkcmpOTmdMcGsxS2x4N1o1cWgKVVhzTXY5MU9DeEppSVhhRVdtSUtTdTkvSlFMTU1WVSsrMXp1bFJaVWM5blEyM2d3TndhV2NjK29RUytLdUhCZgp0WVRSOFFEK21XVTR5V28wenI4WStoUklFOEUxYmFFZUZXdmQ0bGZMc2lKa2kzc2FpSWQwZTVITXBIMytNOHpkCjVweUxJZkhGdmgyYStyVms5QWFxNENjM3BaVmV5OHB4SXlxRElaLzlkR2FaVExiaHliOVpxZjVRb1hqRWxxNHkKNXNwQ0JwWkRzNjdFc1dUZVg1TFNSYjlyK2RXeWRRL1FYdDg5d1BPU093YWpWcllCSWh0bXNLV3BhMTFrYnU4Zwo1ZHY1ZStrbDhTeHMybDNZcld2SGlYUFJUeTdSMkEzTTZkOG9uZnFNaUxrYjdhTUFGVmdVL0ZJZTB3dXJUcmR0ClNWbDQ2aVkxbE8yRXJVVCtWUlFjU1l2ODNma0NBd0VBQWFOQ01FQXdEZ1lEVlIwUEFRSC9CQVFEQWdJRU1BOEcKQTFVZEV3RUIvd1FGTUFNQkFmOHdIUVlEVlIwT0JCWUVGSmpUR3UyVWR4eE4ydkV4d1AxYUlvZVU2SFBLTUEwRwpDU3FHU0liM0RRRUJDd1VBQTRJQmdRQk40VW4yRFEyTHBRODhTYmx5SlNSbkhUWnNKM0hKSm1yaW95R3k0VE1nCnVyWUZNYVNsL1k0alpqQW4vODc4ZGxnSkdUaVRLa1V5OUlxNis5OTRoR2pJSVEranhDTGkxSFNTbC9NMmtqMm8KQjh6ZFZSVyttdTZRZkdnNDQ1YW5GVDRqL3BHMjkxaDFFMHNTdFNYWThSWk1tWG1hT3BUSUl6ZmZPU0ZQSS8wUwpyNGp0WndrNDIrYk0vVkF1ZDF0SXJaT1IvMXVEWXpSVUhpbjJqaVpOem1ONXVlb2hBZlFEaFc3czRnMlU1U2NaClBwNWIrMDNiRThwYjdnWmJpbUxPb1o3bXcwOTVQRzZBYkxCRGFOR3BWVnlYYU5LNW5wUE5JU2orcHgvaGtXa3gKakJJK0VmR0ZwbDVaODlURjc0K2RZMHFYM1NsVExwbkpYQlBnMCtHWTd4Rld3NHZ1ZkFxZVhpSC9sb0pnM2dDYQpYOTFlbkV5Vk81WHQxSG0zWGdNQlpDb281Um85NmZRblhsbFJpazgzYkM5KzZnWE1DeUFoNjNoRzMxelhoejJ4CnMzQmxFVUYwbUV4UnRhSmNDSGxEY1lPUDRDQUsrOEdaTTF0dWkvYmVqR3NZdytoWUFzK1NsdHlyS0lEc2lKancKa3J4UnRtckxhT0pNalZPU05oNElMczQ9Ci0tLS0tRU5EIENFUlRJRklDQVRFLS0tLS0K",
                "password": "",
                "username": ""
              }
            ],
            "master_authorized_networks_config": [],
            "master_version": "1.22.8-gke.200",
            "min_master_version": "1.22.8-gke.200",
            "monitoring_service": "monitoring.googleapis.com/kubernetes",
            "name": "joy-cluster",
            "network": "projects/satya-project-344408/global/networks/joy-cluster-network-c8vf-network",
            "network_policy": [
              {
                "enabled": true,
                "provider": "CALICO"
              }
            ],
            "node_config": [
              {
                "disk_size_gb": 30,
                "disk_type": "pd-standard",
                "guest_accelerator": [],
                "image_type": "COS",
                "labels": {
                  "all-pools-example": "true"
                },
                "local_ssd_count": 0,
                "machine_type": "n1-standard-1",
                "metadata": {
                  "disable-legacy-endpoints": "true"
                },
                "min_cpu_platform": "",
                "oauth_scopes": [
                  "https://www.googleapis.com/auth/cloud-platform"
                ],
                "preemptible": false,
                "service_account": "joy-cluster-sa@satya-project-344408.iam.gserviceaccount.com",
                "shielded_instance_config": [
                  {
                    "enable_integrity_monitoring": true,
                    "enable_secure_boot": false
                  }
                ],
                "tags": [
                  "public",
                  "helm-example"
                ],
                "taint": [],
                "workload_metadata_config": []
              }
            ],
            "node_locations": [],
            "node_pool": [
              {
                "autoscaling": [
                  {
                    "max_node_count": 5,
                    "min_node_count": 1
                  }
                ],
                "initial_node_count": 1,
                "instance_group_urls": [
                  "https://www.googleapis.com/compute/v1/projects/satya-project-344408/zones/us-central1-c/instanceGroupManagers/gke-joy-cluster-main-pool-2f150570-grp"
                ],
                "management": [
                  {
                    "auto_repair": true,
                    "auto_upgrade": true
                  }
                ],
                "max_pods_per_node": 110,
                "name": "main-pool",
                "name_prefix": "",
                "node_config": [
                  {
                    "disk_size_gb": 30,
                    "disk_type": "pd-standard",
                    "guest_accelerator": [],
                    "image_type": "COS",
                    "labels": {
                      "all-pools-example": "true"
                    },
                    "local_ssd_count": 0,
                    "machine_type": "n1-standard-1",
                    "metadata": {
                      "disable-legacy-endpoints": "true"
                    },
                    "min_cpu_platform": "",
                    "oauth_scopes": [
                      "https://www.googleapis.com/auth/cloud-platform"
                    ],
                    "preemptible": false,
                    "service_account": "joy-cluster-sa@satya-project-344408.iam.gserviceaccount.com",
                    "shielded_instance_config": [
                      {
                        "enable_integrity_monitoring": true,
                        "enable_secure_boot": false
                      }
                    ],
                    "tags": [
                      "public",
                      "helm-example"
                    ],
                    "taint": [],
                    "workload_metadata_config": []
                  }
                ],
                "node_count": 2,
                "node_locations": [
                  "us-central1-c"
                ],
                "upgrade_settings": [
                  {
                    "max_surge": 1,
                    "max_unavailable": 0
                  }
                ],
                "version": "1.22.8-gke.200"
              }
            ],
            "node_version": "1.22.8-gke.200",
            "operation": null,
            "pod_security_policy_config": [],
            "private_cluster_config": [],
            "project": "satya-project-344408",
            "release_channel": [
              {
                "channel": "UNSPECIFIED"
              }
            ],
            "remove_default_node_pool": true,
            "resource_labels": {
              "environment": "testing"
            },
            "resource_usage_export_config": [],
            "self_link": "https://container.googleapis.com/v1beta1/projects/satya-project-344408/zones/us-central1-c/clusters/joy-cluster",
            "services_ipv4_cidr": "10.232.160.0/20",
            "subnetwork": "projects/satya-project-344408/regions/us-central1/subnetworks/joy-cluster-network-c8vf-subnetwork-public",
            "timeouts": null,
            "vertical_pod_autoscaling": [
              {
                "enabled": false
              }
            ],
            "workload_identity_config": []
          },
          "sensitive_attributes": [],
          "private": "eyJlMmJmYjczMC1lY2FhLTExZTYtOGY4OC0zNDM2M2JjN2M0YzAiOnsiY3JlYXRlIjoyNDAwMDAwMDAwMDAwLCJkZWxldGUiOjI0MDAwMDAwMDAwMDAsInJlYWQiOjI0MDAwMDAwMDAwMDAsInVwZGF0ZSI6MzYwMDAwMDAwMDAwMH0sInNjaGVtYV92ZXJzaW9uIjoiMSJ9",
          "dependencies": [
            "module.gke_cluster.data.google_container_engine_versions.location",
            "module.vpc_network.google_compute_network.vpc",
            "module.vpc_network.google_compute_subnetwork.vpc_subnetwork_public",
            "random_string.suffix"
          ]
        }
      ]
    },
    {
      "module": "module.gke_service_account",
      "mode": "managed",
      "type": "google_project_iam_member",
      "name": "service_account-roles",
      "provider": "provider[\"registry.terraform.io/hashicorp/google\"]",
      "instances": [
        {
          "index_key": "roles/logging.logWriter",
          "schema_version": 0,
          "attributes": {
            "condition": [],
            "etag": "BwXcWhklP2Y=",
            "id": "satya-project-344408/roles/logging.logWriter/serviceaccount:joy-cluster-sa@satya-project-344408.iam.gserviceaccount.com",
            "member": "serviceAccount:joy-cluster-sa@satya-project-344408.iam.gserviceaccount.com",
            "project": "satya-project-344408",
            "role": "roles/logging.logWriter"
          },
          "sensitive_attributes": [],
          "private": "bnVsbA==",
          "dependencies": [
            "module.gke_service_account.google_service_account.service_account"
          ]
        },
        {
          "index_key": "roles/monitoring.metricWriter",
          "schema_version": 0,
          "attributes": {
            "condition": [],
            "etag": "BwXcWhklP2Y=",
            "id": "satya-project-344408/roles/monitoring.metricWriter/serviceaccount:joy-cluster-sa@satya-project-344408.iam.gserviceaccount.com",
            "member": "serviceAccount:joy-cluster-sa@satya-project-344408.iam.gserviceaccount.com",
            "project": "satya-project-344408",
            "role": "roles/monitoring.metricWriter"
          },
          "sensitive_attributes": [],
          "private": "bnVsbA==",
          "dependencies": [
            "module.gke_service_account.google_service_account.service_account"
          ]
        },
        {
          "index_key": "roles/monitoring.viewer",
          "schema_version": 0,
          "attributes": {
            "condition": [],
            "etag": "BwXcWhklP2Y=",
            "id": "satya-project-344408/roles/monitoring.viewer/serviceaccount:joy-cluster-sa@satya-project-344408.iam.gserviceaccount.com",
            "member": "serviceAccount:joy-cluster-sa@satya-project-344408.iam.gserviceaccount.com",
            "project": "satya-project-344408",
            "role": "roles/monitoring.viewer"
          },
          "sensitive_attributes": [],
          "private": "bnVsbA==",
          "dependencies": [
            "module.gke_service_account.google_service_account.service_account"
          ]
        },
        {
          "index_key": "roles/stackdriver.resourceMetadata.writer",
          "schema_version": 0,
          "attributes": {
            "condition": [],
            "etag": "BwXcWhklP2Y=",
            "id": "satya-project-344408/roles/stackdriver.resourceMetadata.writer/serviceaccount:joy-cluster-sa@satya-project-344408.iam.gserviceaccount.com",
            "member": "serviceAccount:joy-cluster-sa@satya-project-344408.iam.gserviceaccount.com",
            "project": "satya-project-344408",
            "role": "roles/stackdriver.resourceMetadata.writer"
          },
          "sensitive_attributes": [],
          "private": "bnVsbA==",
          "dependencies": [
            "module.gke_service_account.google_service_account.service_account"
          ]
        }
      ]
    },
    {
      "module": "module.gke_service_account",
      "mode": "managed",
      "type": "google_service_account",
      "name": "service_account",
      "provider": "provider[\"registry.terraform.io/hashicorp/google\"]",
      "instances": [
        {
          "schema_version": 0,
          "attributes": {
            "account_id": "joy-cluster-sa",
            "description": "",
            "display_name": "Example GKE Cluster Service Account managed by Terraform",
            "email": "joy-cluster-sa@satya-project-344408.iam.gserviceaccount.com",
            "id": "projects/satya-project-344408/serviceAccounts/joy-cluster-sa@satya-project-344408.iam.gserviceaccount.com",
            "name": "projects/satya-project-344408/serviceAccounts/joy-cluster-sa@satya-project-344408.iam.gserviceaccount.com",
            "project": "satya-project-344408",
            "timeouts": null,
            "unique_id": "108721371125816290096"
          },
          "sensitive_attributes": [],
          "private": "eyJlMmJmYjczMC1lY2FhLTExZTYtOGY4OC0zNDM2M2JjN2M0YzAiOnsiY3JlYXRlIjozMDAwMDAwMDAwMDB9fQ=="
        }
      ]
    },
    {
      "module": "module.vpc_network",
      "mode": "managed",
      "type": "google_compute_network",
      "name": "vpc",
      "provider": "provider[\"registry.terraform.io/hashicorp/google\"]",
      "instances": [
        {
          "schema_version": 0,
          "attributes": {
            "auto_create_subnetworks": false,
            "delete_default_routes_on_create": false,
            "description": "",
            "gateway_ipv4": "",
            "id": "projects/satya-project-344408/global/networks/joy-cluster-network-c8vf-network",
            "name": "joy-cluster-network-c8vf-network",
            "project": "satya-project-344408",
            "routing_mode": "REGIONAL",
            "self_link": "https://www.googleapis.com/compute/v1/projects/satya-project-344408/global/networks/joy-cluster-network-c8vf-network",
            "timeouts": null
          },
          "sensitive_attributes": [],
          "private": "eyJlMmJmYjczMC1lY2FhLTExZTYtOGY4OC0zNDM2M2JjN2M0YzAiOnsiY3JlYXRlIjoyNDAwMDAwMDAwMDAsImRlbGV0ZSI6MjQwMDAwMDAwMDAwLCJ1cGRhdGUiOjI0MDAwMDAwMDAwMH19",
          "dependencies": [
            "random_string.suffix"
          ]
        }
      ]
    },
    {
      "module": "module.vpc_network",
      "mode": "managed",
      "type": "google_compute_router",
      "name": "vpc_router",
      "provider": "provider[\"registry.terraform.io/hashicorp/google\"]",
      "instances": [
        {
          "schema_version": 0,
          "attributes": {
            "bgp": [],
            "creation_timestamp": "2022-04-10T22:20:23.355-07:00",
            "description": "",
            "id": "projects/satya-project-344408/regions/us-central1/routers/joy-cluster-network-c8vf-router",
            "name": "joy-cluster-network-c8vf-router",
            "network": "https://www.googleapis.com/compute/v1/projects/satya-project-344408/global/networks/joy-cluster-network-c8vf-network",
            "project": "satya-project-344408",
            "region": "us-central1",
            "self_link": "https://www.googleapis.com/compute/v1/projects/satya-project-344408/regions/us-central1/routers/joy-cluster-network-c8vf-router",
            "timeouts": null
          },
          "sensitive_attributes": [],
          "private": "eyJlMmJmYjczMC1lY2FhLTExZTYtOGY4OC0zNDM2M2JjN2M0YzAiOnsiY3JlYXRlIjoyNDAwMDAwMDAwMDAsImRlbGV0ZSI6MjQwMDAwMDAwMDAwLCJ1cGRhdGUiOjI0MDAwMDAwMDAwMH19",
          "dependencies": [
            "module.vpc_network.google_compute_network.vpc",
            "random_string.suffix"
          ]
        }
      ]
    },
    {
      "module": "module.vpc_network",
      "mode": "managed",
      "type": "google_compute_router_nat",
      "name": "vpc_nat",
      "provider": "provider[\"registry.terraform.io/hashicorp/google\"]",
      "instances": [
        {
          "schema_version": 0,
          "attributes": {
            "drain_nat_ips": [],
            "icmp_idle_timeout_sec": 30,
            "id": "satya-project-344408/us-central1/joy-cluster-network-c8vf-router/joy-cluster-network-c8vf-nat",
            "log_config": [],
            "min_ports_per_vm": 0,
            "name": "joy-cluster-network-c8vf-nat",
            "nat_ip_allocate_option": "AUTO_ONLY",
            "nat_ips": [],
            "project": "satya-project-344408",
            "region": "us-central1",
            "router": "joy-cluster-network-c8vf-router",
            "source_subnetwork_ip_ranges_to_nat": "LIST_OF_SUBNETWORKS",
            "subnetwork": [
              {
                "name": "https://www.googleapis.com/compute/v1/projects/satya-project-344408/regions/us-central1/subnetworks/joy-cluster-network-c8vf-subnetwork-public",
                "secondary_ip_range_names": [],
                "source_ip_ranges_to_nat": [
                  "ALL_IP_RANGES"
                ]
              }
            ],
            "tcp_established_idle_timeout_sec": 1200,
            "tcp_transitory_idle_timeout_sec": 30,
            "timeouts": null,
            "udp_idle_timeout_sec": 30
          },
          "sensitive_attributes": [],
          "private": "eyJlMmJmYjczMC1lY2FhLTExZTYtOGY4OC0zNDM2M2JjN2M0YzAiOnsiY3JlYXRlIjo2MDAwMDAwMDAwMDAsImRlbGV0ZSI6NjAwMDAwMDAwMDAwLCJ1cGRhdGUiOjYwMDAwMDAwMDAwMH19",
          "dependencies": [
            "random_string.suffix",
            "module.vpc_network.google_compute_network.vpc",
            "module.vpc_network.google_compute_router.vpc_router",
            "module.vpc_network.google_compute_subnetwork.vpc_subnetwork_public"
          ]
        }
      ]
    },
    {
      "module": "module.vpc_network",
      "mode": "managed",
      "type": "google_compute_subnetwork",
      "name": "vpc_subnetwork_private",
      "provider": "provider[\"registry.terraform.io/hashicorp/google\"]",
      "instances": [
        {
          "schema_version": 0,
          "attributes": {
            "creation_timestamp": "2022-04-10T22:20:23.599-07:00",
            "description": "",
            "fingerprint": null,
            "gateway_address": "10.3.16.1",
            "id": "projects/satya-project-344408/regions/us-central1/subnetworks/joy-cluster-network-c8vf-subnetwork-private",
            "ip_cidr_range": "10.3.16.0/20",
            "log_config": [
              {
                "aggregation_interval": "INTERVAL_10_MIN",
                "filter_expr": "true",
                "flow_sampling": 0.5,
                "metadata": "INCLUDE_ALL_METADATA",
                "metadata_fields": []
              }
            ],
            "name": "joy-cluster-network-c8vf-subnetwork-private",
            "network": "https://www.googleapis.com/compute/v1/projects/satya-project-344408/global/networks/joy-cluster-network-c8vf-network",
            "private_ip_google_access": true,
            "project": "satya-project-344408",
            "region": "us-central1",
            "secondary_ip_range": [
              {
                "ip_cidr_range": "10.4.16.0/20",
                "range_name": "private-services"
              }
            ],
            "self_link": "https://www.googleapis.com/compute/v1/projects/satya-project-344408/regions/us-central1/subnetworks/joy-cluster-network-c8vf-subnetwork-private",
            "timeouts": null
          },
          "sensitive_attributes": [],
          "private": "eyJlMmJmYjczMC1lY2FhLTExZTYtOGY4OC0zNDM2M2JjN2M0YzAiOnsiY3JlYXRlIjozNjAwMDAwMDAwMDAsImRlbGV0ZSI6MzYwMDAwMDAwMDAwLCJ1cGRhdGUiOjM2MDAwMDAwMDAwMH19",
          "dependencies": [
            "module.vpc_network.google_compute_network.vpc",
            "random_string.suffix"
          ]
        }
      ]
    },
    {
      "module": "module.vpc_network",
      "mode": "managed",
      "type": "google_compute_subnetwork",
      "name": "vpc_subnetwork_public",
      "provider": "provider[\"registry.terraform.io/hashicorp/google\"]",
      "instances": [
        {
          "schema_version": 0,
          "attributes": {
            "creation_timestamp": "2022-04-10T22:20:24.637-07:00",
            "description": "",
            "fingerprint": null,
            "gateway_address": "10.3.0.1",
            "id": "projects/satya-project-344408/regions/us-central1/subnetworks/joy-cluster-network-c8vf-subnetwork-public",
            "ip_cidr_range": "10.3.0.0/20",
            "log_config": [
              {
                "aggregation_interval": "INTERVAL_10_MIN",
                "filter_expr": "true",
                "flow_sampling": 0.5,
                "metadata": "INCLUDE_ALL_METADATA",
                "metadata_fields": []
              }
            ],
            "name": "joy-cluster-network-c8vf-subnetwork-public",
            "network": "https://www.googleapis.com/compute/v1/projects/satya-project-344408/global/networks/joy-cluster-network-c8vf-network",
            "private_ip_google_access": true,
            "project": "satya-project-344408",
            "region": "us-central1",
            "secondary_ip_range": [
              {
                "ip_cidr_range": "10.4.0.0/20",
                "range_name": "public-cluster"
              },
              {
                "ip_cidr_range": "10.4.32.0/20",
                "range_name": "public-services"
              }
            ],
            "self_link": "https://www.googleapis.com/compute/v1/projects/satya-project-344408/regions/us-central1/subnetworks/joy-cluster-network-c8vf-subnetwork-public",
            "timeouts": null
          },
          "sensitive_attributes": [],
          "private": "eyJlMmJmYjczMC1lY2FhLTExZTYtOGY4OC0zNDM2M2JjN2M0YzAiOnsiY3JlYXRlIjozNjAwMDAwMDAwMDAsImRlbGV0ZSI6MzYwMDAwMDAwMDAwLCJ1cGRhdGUiOjM2MDAwMDAwMDAwMH19",
          "dependencies": [
            "module.vpc_network.google_compute_network.vpc",
            "random_string.suffix"
          ]
        }
      ]
    },
    {
      "module": "module.vpc_network.module.network_firewall",
      "mode": "data",
      "type": "google_compute_subnetwork",
      "name": "private_subnetwork",
      "provider": "provider[\"registry.terraform.io/hashicorp/google\"]",
      "instances": [
        {
          "schema_version": 0,
          "attributes": {
            "description": "",
            "gateway_address": "10.3.16.1",
            "id": "projects/satya-project-344408/regions/us-central1/subnetworks/joy-cluster-network-c8vf-subnetwork-private",
            "ip_cidr_range": "10.3.16.0/20",
            "name": "joy-cluster-network-c8vf-subnetwork-private",
            "network": "https://www.googleapis.com/compute/v1/projects/satya-project-344408/global/networks/joy-cluster-network-c8vf-network",
            "private_ip_google_access": true,
            "project": "satya-project-344408",
            "region": "us-central1",
            "secondary_ip_range": [
              {
                "ip_cidr_range": "10.4.16.0/20",
                "range_name": "private-services"
              }
            ],
            "self_link": "https://www.googleapis.com/compute/v1/projects/satya-project-344408/regions/us-central1/subnetworks/joy-cluster-network-c8vf-subnetwork-private"
          },
          "sensitive_attributes": []
        }
      ]
    },
    {
      "module": "module.vpc_network.module.network_firewall",
      "mode": "data",
      "type": "google_compute_subnetwork",
      "name": "public_subnetwork",
      "provider": "provider[\"registry.terraform.io/hashicorp/google\"]",
      "instances": [
        {
          "schema_version": 0,
          "attributes": {
            "description": "",
            "gateway_address": "10.3.0.1",
            "id": "projects/satya-project-344408/regions/us-central1/subnetworks/joy-cluster-network-c8vf-subnetwork-public",
            "ip_cidr_range": "10.3.0.0/20",
            "name": "joy-cluster-network-c8vf-subnetwork-public",
            "network": "https://www.googleapis.com/compute/v1/projects/satya-project-344408/global/networks/joy-cluster-network-c8vf-network",
            "private_ip_google_access": true,
            "project": "satya-project-344408",
            "region": "us-central1",
            "secondary_ip_range": [
              {
                "ip_cidr_range": "10.4.0.0/20",
                "range_name": "public-cluster"
              },
              {
                "ip_cidr_range": "10.4.32.0/20",
                "range_name": "public-services"
              },
              {
                "ip_cidr_range": "10.232.160.0/20",
                "range_name": "gke-joy-cluster-services-9950eea8"
              }
            ],
            "self_link": "https://www.googleapis.com/compute/v1/projects/satya-project-344408/regions/us-central1/subnetworks/joy-cluster-network-c8vf-subnetwork-public"
          },
          "sensitive_attributes": []
        }
      ]
    },
    {
      "module": "module.vpc_network.module.network_firewall",
      "mode": "managed",
      "type": "google_compute_firewall",
      "name": "private_allow_all_network_inbound",
      "provider": "provider[\"registry.terraform.io/hashicorp/google\"]",
      "instances": [
        {
          "schema_version": 1,
          "attributes": {
            "allow": [
              {
                "ports": [],
                "protocol": "all"
              }
            ],
            "creation_timestamp": "2022-04-10T22:21:10.407-07:00",
            "deny": [],
            "description": "",
            "destination_ranges": [],
            "direction": "INGRESS",
            "disabled": false,
            "enable_logging": null,
            "id": "projects/satya-project-344408/global/firewalls/joy-cluster-network-c8vf-private-allow-ingress",
            "log_config": [],
            "name": "joy-cluster-network-c8vf-private-allow-ingress",
            "network": "https://www.googleapis.com/compute/v1/projects/satya-project-344408/global/networks/joy-cluster-network-c8vf-network",
            "priority": 1000,
            "project": "satya-project-344408",
            "self_link": "https://www.googleapis.com/compute/v1/projects/satya-project-344408/global/firewalls/joy-cluster-network-c8vf-private-allow-ingress",
            "source_ranges": [
              "10.3.0.0/20",
              "10.3.16.0/20",
              "10.4.0.0/20",
              "10.4.16.0/20",
              "10.4.32.0/20"
            ],
            "source_service_accounts": [],
            "source_tags": [],
            "target_service_accounts": [],
            "target_tags": [
              "private"
            ],
            "timeouts": null
          },
          "sensitive_attributes": [],
          "private": "eyJlMmJmYjczMC1lY2FhLTExZTYtOGY4OC0zNDM2M2JjN2M0YzAiOnsiY3JlYXRlIjoyNDAwMDAwMDAwMDAsImRlbGV0ZSI6MjQwMDAwMDAwMDAwLCJ1cGRhdGUiOjI0MDAwMDAwMDAwMH0sInNjaGVtYV92ZXJzaW9uIjoiMSJ9",
          "dependencies": [
            "module.vpc_network.google_compute_network.vpc",
            "module.vpc_network.google_compute_subnetwork.vpc_subnetwork_private",
            "module.vpc_network.google_compute_subnetwork.vpc_subnetwork_public",
            "module.vpc_network.module.network_firewall.data.google_compute_subnetwork.private_subnetwork",
            "module.vpc_network.module.network_firewall.data.google_compute_subnetwork.public_subnetwork",
            "random_string.suffix"
          ]
        }
      ]
    },
    {
      "module": "module.vpc_network.module.network_firewall",
      "mode": "managed",
      "type": "google_compute_firewall",
      "name": "private_allow_restricted_network_inbound",
      "provider": "provider[\"registry.terraform.io/hashicorp/google\"]",
      "instances": [
        {
          "schema_version": 1,
          "attributes": {
            "allow": [
              {
                "ports": [],
                "protocol": "all"
              }
            ],
            "creation_timestamp": "2022-04-10T22:20:23.716-07:00",
            "deny": [],
            "description": "",
            "destination_ranges": [],
            "direction": "INGRESS",
            "disabled": false,
            "enable_logging": null,
            "id": "projects/satya-project-344408/global/firewalls/joy-cluster-network-c8vf-allow-restricted-inbound",
            "log_config": [],
            "name": "joy-cluster-network-c8vf-allow-restricted-inbound",
            "network": "https://www.googleapis.com/compute/v1/projects/satya-project-344408/global/networks/joy-cluster-network-c8vf-network",
            "priority": 1000,
            "project": "satya-project-344408",
            "self_link": "https://www.googleapis.com/compute/v1/projects/satya-project-344408/global/firewalls/joy-cluster-network-c8vf-allow-restricted-inbound",
            "source_ranges": [],
            "source_service_accounts": [],
            "source_tags": [
              "private",
              "private-persistence"
            ],
            "target_service_accounts": [],
            "target_tags": [
              "private-persistence"
            ],
            "timeouts": null
          },
          "sensitive_attributes": [],
          "private": "eyJlMmJmYjczMC1lY2FhLTExZTYtOGY4OC0zNDM2M2JjN2M0YzAiOnsiY3JlYXRlIjoyNDAwMDAwMDAwMDAsImRlbGV0ZSI6MjQwMDAwMDAwMDAwLCJ1cGRhdGUiOjI0MDAwMDAwMDAwMH0sInNjaGVtYV92ZXJzaW9uIjoiMSJ9",
          "dependencies": [
            "module.vpc_network.google_compute_network.vpc",
            "random_string.suffix"
          ]
        }
      ]
    },
    {
      "module": "module.vpc_network.module.network_firewall",
      "mode": "managed",
      "type": "google_compute_firewall",
      "name": "public_allow_all_inbound",
      "provider": "provider[\"registry.terraform.io/hashicorp/google\"]",
      "instances": [
        {
          "schema_version": 1,
          "attributes": {
            "allow": [
              {
                "ports": [],
                "protocol": "all"
              }
            ],
            "creation_timestamp": "2022-04-10T22:20:22.999-07:00",
            "deny": [],
            "description": "",
            "destination_ranges": [],
            "direction": "INGRESS",
            "disabled": false,
            "enable_logging": null,
            "id": "projects/satya-project-344408/global/firewalls/joy-cluster-network-c8vf-public-allow-ingress",
            "log_config": [],
            "name": "joy-cluster-network-c8vf-public-allow-ingress",
            "network": "https://www.googleapis.com/compute/v1/projects/satya-project-344408/global/networks/joy-cluster-network-c8vf-network",
            "priority": 1000,
            "project": "satya-project-344408",
            "self_link": "https://www.googleapis.com/compute/v1/projects/satya-project-344408/global/firewalls/joy-cluster-network-c8vf-public-allow-ingress",
            "source_ranges": [
              "0.0.0.0/0"
            ],
            "source_service_accounts": [],
            "source_tags": [],
            "target_service_accounts": [],
            "target_tags": [
              "public"
            ],
            "timeouts": null
          },
          "sensitive_attributes": [],
          "private": "eyJlMmJmYjczMC1lY2FhLTExZTYtOGY4OC0zNDM2M2JjN2M0YzAiOnsiY3JlYXRlIjoyNDAwMDAwMDAwMDAsImRlbGV0ZSI6MjQwMDAwMDAwMDAwLCJ1cGRhdGUiOjI0MDAwMDAwMDAwMH0sInNjaGVtYV92ZXJzaW9uIjoiMSJ9",
          "dependencies": [
            "module.vpc_network.google_compute_network.vpc",
            "random_string.suffix"
          ]
        }
      ]
    }
  ]
}
