{"format_version":"1.1","terraform_version":"1.3.9","variables":{"cluster_name":{"value":"joy-cluster"},"cluster_service_account_description":{"value":"Example GKE Cluster Service Account managed by Terraform"},"cluster_service_account_name":{"value":"joy-cluster-sa"},"image_type":{"value":"COS"},"initial_node_count":{"value":"2"},"kubectl_config_path":{"value":"$HOME/.kube/config"},"location":{"value":"us-central1-c"},"machine_type":{"value":"n1-standard-1"},"master_ipv4_cidr_block":{"value":"10.5.0.0/28"},"max_node_count":{"value":"5"},"min_node_count":{"value":"2"},"private_services_secondary_cidr_block":{"value":null},"project":{"value":"satya-project-344408"},"public_services_secondary_cidr_block":{"value":null},"public_services_secondary_range_name":{"value":"public-services"},"public_subnetwork_secondary_range_name":{"value":"public-cluster"},"region":{"value":"us-central1"},"secondary_cidr_subnetwork_spacing":{"value":0},"secondary_cidr_subnetwork_width_delta":{"value":4},"vpc_cidr_block":{"value":"10.3.0.0/16"},"vpc_secondary_cidr_block":{"value":"10.4.0.0/16"}},"planned_values":{"outputs":{"client_certificate":{"sensitive":false},"client_key":{"sensitive":true},"cluster_ca_certificate":{"sensitive":true},"cluster_endpoint":{"sensitive":true}},"root_module":{"resources":[{"address":"google_container_node_pool.node_pool","mode":"managed","type":"google_container_node_pool","name":"node_pool","provider_name":"registry.terraform.io/hashicorp/google","schema_version":1,"values":{"autoscaling":[{"max_node_count":5,"min_node_count":2}],"cluster":"joy-cluster","initial_node_count":2,"location":"us-central1-c","management":[{"auto_repair":true,"auto_upgrade":true}],"name":"main-pool","node_config":[{"disk_size_gb":30,"disk_type":"pd-standard","image_type":"COS","labels":{"all-pools-example":"true"},"machine_type":"n1-standard-1","min_cpu_platform":null,"oauth_scopes":["https://www.googleapis.com/auth/cloud-platform"],"preemptible":false,"tags":["public","helm-example"]}],"project":"satya-project-344408","timeouts":{"create":"30m","delete":"30m","update":"30m"}},"sensitive_values":{"autoscaling":[{}],"instance_group_urls":[],"management":[{}],"node_config":[{"guest_accelerator":[],"labels":{},"metadata":{},"oauth_scopes":[false],"shielded_instance_config":[],"tags":[false,false],"taint":[],"workload_metadata_config":[]}],"node_locations":[],"timeouts":{},"upgrade_settings":[]}},{"address":"random_string.suffix","mode":"managed","type":"random_string","name":"suffix","provider_name":"registry.terraform.io/hashicorp/random","schema_version":1,"values":{"keepers":null,"length":4,"lower":true,"min_lower":0,"min_numeric":0,"min_special":0,"min_upper":0,"number":true,"override_special":null,"special":false,"upper":false},"sensitive_values":{}}],"child_modules":[{"resources":[{"address":"module.gke_cluster.google_container_cluster.cluster","mode":"managed","type":"google_container_cluster","name":"cluster","provider_name":"registry.terraform.io/hashicorp/google","schema_version":1,"values":{"addons_config":[{"horizontal_pod_autoscaling":[{"disabled":false}],"http_load_balancing":[{"disabled":false}],"network_policy_config":[{"disabled":false}]}],"description":"","enable_binary_authorization":false,"enable_intranode_visibility":null,"enable_kubernetes_alpha":false,"enable_legacy_abac":false,"enable_shielded_nodes":false,"enable_tpu":null,"initial_node_count":1,"ip_allocation_policy":[{"cluster_secondary_range_name":"public-cluster"}],"location":"us-central1-c","logging_service":"logging.googleapis.com/kubernetes","maintenance_policy":[{"daily_maintenance_window":[{"start_time":"05:00"}],"recurring_window":[]}],"master_auth":[{"password":"","username":""}],"master_authorized_networks_config":[],"min_master_version":"1.25.6-gke.1000","monitoring_service":"monitoring.googleapis.com/kubernetes","name":"joy-cluster","network_policy":[{"enabled":true,"provider":"CALICO"}],"pod_security_policy_config":[],"private_cluster_config":[{"enable_private_endpoint":null,"enable_private_nodes":null,"master_ipv4_cidr_block":""}],"project":"satya-project-344408","remove_default_node_pool":true,"resource_labels":{"environment":"testing"},"resource_usage_export_config":[],"timeouts":null,"vertical_pod_autoscaling":[{"enabled":false}],"workload_identity_config":[]},"sensitive_values":{"addons_config":[{"cloudrun_config":[],"horizontal_pod_autoscaling":[{}],"http_load_balancing":[{}],"network_policy_config":[{}]}],"authenticator_groups_config":[],"cluster_autoscaling":[],"database_encryption":[],"instance_group_urls":[],"ip_allocation_policy":[{}],"maintenance_policy":[{"daily_maintenance_window":[{}],"recurring_window":[]}],"master_auth":[{"client_certificate_config":[]}],"master_authorized_networks_config":[],"network_policy":[{}],"node_config":[],"node_locations":[],"node_pool":[],"pod_security_policy_config":[],"private_cluster_config":[{}],"release_channel":[],"resource_labels":{},"resource_usage_export_config":[],"vertical_pod_autoscaling":[{}],"workload_identity_config":[]}}],"address":"module.gke_cluster"},{"resources":[{"address":"module.gke_service_account.google_project_iam_member.service_account-roles[\"roles/logging.logWriter\"]","mode":"managed","type":"google_project_iam_member","name":"service_account-roles","index":"roles/logging.logWriter","provider_name":"registry.terraform.io/hashicorp/google","schema_version":0,"values":{"condition":[],"project":"satya-project-344408","role":"roles/logging.logWriter"},"sensitive_values":{"condition":[]}},{"address":"module.gke_service_account.google_project_iam_member.service_account-roles[\"roles/monitoring.metricWriter\"]","mode":"managed","type":"google_project_iam_member","name":"service_account-roles","index":"roles/monitoring.metricWriter","provider_name":"registry.terraform.io/hashicorp/google","schema_version":0,"values":{"condition":[],"project":"satya-project-344408","role":"roles/monitoring.metricWriter"},"sensitive_values":{"condition":[]}},{"address":"module.gke_service_account.google_project_iam_member.service_account-roles[\"roles/monitoring.viewer\"]","mode":"managed","type":"google_project_iam_member","name":"service_account-roles","index":"roles/monitoring.viewer","provider_name":"registry.terraform.io/hashicorp/google","schema_version":0,"values":{"condition":[],"project":"satya-project-344408","role":"roles/monitoring.viewer"},"sensitive_values":{"condition":[]}},{"address":"module.gke_service_account.google_project_iam_member.service_account-roles[\"roles/stackdriver.resourceMetadata.writer\"]","mode":"managed","type":"google_project_iam_member","name":"service_account-roles","index":"roles/stackdriver.resourceMetadata.writer","provider_name":"registry.terraform.io/hashicorp/google","schema_version":0,"values":{"condition":[],"project":"satya-project-344408","role":"roles/stackdriver.resourceMetadata.writer"},"sensitive_values":{"condition":[]}},{"address":"module.gke_service_account.google_service_account.service_account","mode":"managed","type":"google_service_account","name":"service_account","provider_name":"registry.terraform.io/hashicorp/google","schema_version":0,"values":{"account_id":"joy-cluster-sa","description":null,"display_name":"Example GKE Cluster Service Account managed by Terraform","project":"satya-project-344408","timeouts":null},"sensitive_values":{}}],"address":"module.gke_service_account"},{"resources":[{"address":"module.vpc_network.google_compute_network.vpc","mode":"managed","type":"google_compute_network","name":"vpc","provider_name":"registry.terraform.io/hashicorp/google","schema_version":0,"values":{"auto_create_subnetworks":false,"delete_default_routes_on_create":false,"description":null,"project":"satya-project-344408","routing_mode":"REGIONAL","timeouts":null},"sensitive_values":{}},{"address":"module.vpc_network.google_compute_router.vpc_router","mode":"managed","type":"google_compute_router","name":"vpc_router","provider_name":"registry.terraform.io/hashicorp/google","schema_version":0,"values":{"bgp":[],"description":null,"project":"satya-project-344408","region":"us-central1","timeouts":null},"sensitive_values":{"bgp":[]}},{"address":"module.vpc_network.google_compute_router_nat.vpc_nat","mode":"managed","type":"google_compute_router_nat","name":"vpc_nat","provider_name":"registry.terraform.io/hashicorp/google","schema_version":0,"values":{"drain_nat_ips":null,"icmp_idle_timeout_sec":30,"log_config":[],"min_ports_per_vm":null,"nat_ip_allocate_option":"AUTO_ONLY","nat_ips":null,"project":"satya-project-344408","region":"us-central1","source_subnetwork_ip_ranges_to_nat":"LIST_OF_SUBNETWORKS","subnetwork":[{"secondary_ip_range_names":[],"source_ip_ranges_to_nat":["ALL_IP_RANGES"]}],"tcp_established_idle_timeout_sec":1200,"tcp_transitory_idle_timeout_sec":30,"timeouts":null,"udp_idle_timeout_sec":30},"sensitive_values":{"log_config":[],"subnetwork":[{"secondary_ip_range_names":[],"source_ip_ranges_to_nat":[false]}]}},{"address":"module.vpc_network.google_compute_subnetwork.vpc_subnetwork_private","mode":"managed","type":"google_compute_subnetwork","name":"vpc_subnetwork_private","provider_name":"registry.terraform.io/hashicorp/google","schema_version":0,"values":{"description":null,"ip_cidr_range":"10.3.16.0/20","log_config":[{"aggregation_interval":"INTERVAL_10_MIN","filter_expr":"true","flow_sampling":0.5,"metadata":"INCLUDE_ALL_METADATA","metadata_fields":null}],"private_ip_google_access":true,"project":"satya-project-344408","region":"us-central1","secondary_ip_range":[{"ip_cidr_range":"10.4.16.0/20","range_name":"private-services"}],"timeouts":null},"sensitive_values":{"log_config":[{}],"secondary_ip_range":[{}]}},{"address":"module.vpc_network.google_compute_subnetwork.vpc_subnetwork_public","mode":"managed","type":"google_compute_subnetwork","name":"vpc_subnetwork_public","provider_name":"registry.terraform.io/hashicorp/google","schema_version":0,"values":{"description":null,"ip_cidr_range":"10.3.0.0/20","log_config":[{"aggregation_interval":"INTERVAL_10_MIN","filter_expr":"true","flow_sampling":0.5,"metadata":"INCLUDE_ALL_METADATA","metadata_fields":null}],"private_ip_google_access":true,"project":"satya-project-344408","region":"us-central1","secondary_ip_range":[{"ip_cidr_range":"10.4.0.0/20","range_name":"public-cluster"},{"ip_cidr_range":"10.4.32.0/20","range_name":"public-services"}],"timeouts":null},"sensitive_values":{"log_config":[{}],"secondary_ip_range":[{},{}]}}],"address":"module.vpc_network","child_modules":[{"resources":[{"address":"module.vpc_network.module.network_firewall.data.google_compute_subnetwork.private_subnetwork","mode":"data","type":"google_compute_subnetwork","name":"private_subnetwork","provider_name":"registry.terraform.io/hashicorp/google","schema_version":0,"values":{"name":null},"sensitive_values":{"secondary_ip_range":[]}},{"address":"module.vpc_network.module.network_firewall.data.google_compute_subnetwork.public_subnetwork","mode":"data","type":"google_compute_subnetwork","name":"public_subnetwork","provider_name":"registry.terraform.io/hashicorp/google","schema_version":0,"values":{"name":null},"sensitive_values":{"secondary_ip_range":[]}},{"address":"module.vpc_network.module.network_firewall.google_compute_firewall.private_allow_all_network_inbound","mode":"managed","type":"google_compute_firewall","name":"private_allow_all_network_inbound","provider_name":"registry.terraform.io/hashicorp/google","schema_version":1,"values":{"allow":[{"ports":[],"protocol":"all"}],"deny":[],"description":null,"direction":"INGRESS","disabled":null,"log_config":[],"priority":1000,"project":"satya-project-344408","source_service_accounts":null,"source_tags":null,"target_service_accounts":null,"target_tags":["private"],"timeouts":null},"sensitive_values":{"allow":[{"ports":[]}],"deny":[],"destination_ranges":[],"log_config":[],"source_ranges":[],"target_tags":[false]}},{"address":"module.vpc_network.module.network_firewall.google_compute_firewall.private_allow_restricted_network_inbound","mode":"managed","type":"google_compute_firewall","name":"private_allow_restricted_network_inbound","provider_name":"registry.terraform.io/hashicorp/google","schema_version":1,"values":{"allow":[{"ports":[],"protocol":"all"}],"deny":[],"description":null,"direction":"INGRESS","disabled":null,"log_config":[],"priority":1000,"project":"satya-project-344408","source_service_accounts":null,"source_tags":["private","private-persistence"],"target_service_accounts":null,"target_tags":["private-persistence"],"timeouts":null},"sensitive_values":{"allow":[{"ports":[]}],"deny":[],"destination_ranges":[],"log_config":[],"source_ranges":[],"source_tags":[false,false],"target_tags":[false]}},{"address":"module.vpc_network.module.network_firewall.google_compute_firewall.public_allow_all_inbound","mode":"managed","type":"google_compute_firewall","name":"public_allow_all_inbound","provider_name":"registry.terraform.io/hashicorp/google","schema_version":1,"values":{"allow":[{"ports":[],"protocol":"all"}],"deny":[],"description":null,"direction":"INGRESS","disabled":null,"log_config":[],"priority":1000,"project":"satya-project-344408","source_ranges":["0.0.0.0/0"],"source_service_accounts":null,"source_tags":null,"target_service_accounts":null,"target_tags":["public"],"timeouts":null},"sensitive_values":{"allow":[{"ports":[]}],"deny":[],"destination_ranges":[],"log_config":[],"source_ranges":[false],"target_tags":[false]}}],"address":"module.vpc_network.module.network_firewall"}]}]}},"resource_changes":[{"address":"google_container_node_pool.node_pool","mode":"managed","type":"google_container_node_pool","name":"node_pool","provider_name":"registry.terraform.io/hashicorp/google","change":{"actions":["create"],"before":null,"after":{"autoscaling":[{"max_node_count":5,"min_node_count":2}],"cluster":"joy-cluster","initial_node_count":2,"location":"us-central1-c","management":[{"auto_repair":true,"auto_upgrade":true}],"name":"main-pool","node_config":[{"disk_size_gb":30,"disk_type":"pd-standard","image_type":"COS","labels":{"all-pools-example":"true"},"machine_type":"n1-standard-1","min_cpu_platform":null,"oauth_scopes":["https://www.googleapis.com/auth/cloud-platform"],"preemptible":false,"tags":["public","helm-example"]}],"project":"satya-project-344408","timeouts":{"create":"30m","delete":"30m","update":"30m"}},"after_unknown":{"autoscaling":[{}],"id":true,"instance_group_urls":true,"management":[{}],"max_pods_per_node":true,"name_prefix":true,"node_config":[{"guest_accelerator":true,"labels":{},"local_ssd_count":true,"metadata":true,"oauth_scopes":[false],"service_account":true,"shielded_instance_config":true,"tags":[false,false],"taint":true,"workload_metadata_config":true}],"node_count":true,"node_locations":true,"timeouts":{},"upgrade_settings":true,"version":true},"before_sensitive":false,"after_sensitive":{"autoscaling":[{}],"instance_group_urls":[],"management":[{}],"node_config":[{"guest_accelerator":[],"labels":{},"metadata":{},"oauth_scopes":[false],"shielded_instance_config":[],"tags":[false,false],"taint":[],"workload_metadata_config":[]}],"node_locations":[],"timeouts":{},"upgrade_settings":[]}}},{"address":"module.gke_cluster.google_container_cluster.cluster","module_address":"module.gke_cluster","mode":"managed","type":"google_container_cluster","name":"cluster","provider_name":"registry.terraform.io/hashicorp/google","change":{"actions":["create"],"before":null,"after":{"addons_config":[{"horizontal_pod_autoscaling":[{"disabled":false}],"http_load_balancing":[{"disabled":false}],"network_policy_config":[{"disabled":false}]}],"description":"","enable_binary_authorization":false,"enable_intranode_visibility":null,"enable_kubernetes_alpha":false,"enable_legacy_abac":false,"enable_shielded_nodes":false,"enable_tpu":null,"initial_node_count":1,"ip_allocation_policy":[{"cluster_secondary_range_name":"public-cluster"}],"location":"us-central1-c","logging_service":"logging.googleapis.com/kubernetes","maintenance_policy":[{"daily_maintenance_window":[{"start_time":"05:00"}],"recurring_window":[]}],"master_auth":[{"password":"","username":""}],"master_authorized_networks_config":[],"min_master_version":"1.25.6-gke.1000","monitoring_service":"monitoring.googleapis.com/kubernetes","name":"joy-cluster","network_policy":[{"enabled":true,"provider":"CALICO"}],"pod_security_policy_config":[],"private_cluster_config":[{"enable_private_endpoint":null,"enable_private_nodes":null,"master_ipv4_cidr_block":""}],"project":"satya-project-344408","remove_default_node_pool":true,"resource_labels":{"environment":"testing"},"resource_usage_export_config":[],"timeouts":null,"vertical_pod_autoscaling":[{"enabled":false}],"workload_identity_config":[]},"after_unknown":{"addons_config":[{"cloudrun_config":true,"horizontal_pod_autoscaling":[{}],"http_load_balancing":[{}],"network_policy_config":[{}]}],"authenticator_groups_config":true,"cluster_autoscaling":true,"cluster_ipv4_cidr":true,"database_encryption":true,"default_max_pods_per_node":true,"endpoint":true,"id":true,"instance_group_urls":true,"ip_allocation_policy":[{"cluster_ipv4_cidr_block":true,"services_ipv4_cidr_block":true,"services_secondary_range_name":true}],"label_fingerprint":true,"maintenance_policy":[{"daily_maintenance_window":[{"duration":true}],"recurring_window":[]}],"master_auth":[{"client_certificate":true,"client_certificate_config":true,"client_key":true,"cluster_ca_certificate":true}],"master_authorized_networks_config":[],"master_version":true,"network":true,"network_policy":[{}],"node_config":true,"node_locations":true,"node_pool":true,"node_version":true,"operation":true,"pod_security_policy_config":[],"private_cluster_config":[{"peering_name":true,"private_endpoint":true,"public_endpoint":true}],"release_channel":true,"resource_labels":{},"resource_usage_export_config":[],"self_link":true,"services_ipv4_cidr":true,"subnetwork":true,"vertical_pod_autoscaling":[{}],"workload_identity_config":[]},"before_sensitive":false,"after_sensitive":{"addons_config":[{"cloudrun_config":[],"horizontal_pod_autoscaling":[{}],"http_load_balancing":[{}],"network_policy_config":[{}]}],"authenticator_groups_config":[],"cluster_autoscaling":[],"database_encryption":[],"instance_group_urls":[],"ip_allocation_policy":[{}],"maintenance_policy":[{"daily_maintenance_window":[{}],"recurring_window":[]}],"master_auth":[{"client_certificate_config":[],"client_key":true,"password":true}],"master_authorized_networks_config":[],"network_policy":[{}],"node_config":[],"node_locations":[],"node_pool":[],"pod_security_policy_config":[],"private_cluster_config":[{}],"release_channel":[],"resource_labels":{},"resource_usage_export_config":[],"vertical_pod_autoscaling":[{}],"workload_identity_config":[]}}},{"address":"module.gke_service_account.google_project_iam_member.service_account-roles[\"roles/logging.logWriter\"]","module_address":"module.gke_service_account","mode":"managed","type":"google_project_iam_member","name":"service_account-roles","index":"roles/logging.logWriter","provider_name":"registry.terraform.io/hashicorp/google","change":{"actions":["create"],"before":null,"after":{"condition":[],"project":"satya-project-344408","role":"roles/logging.logWriter"},"after_unknown":{"condition":[],"etag":true,"id":true,"member":true},"before_sensitive":false,"after_sensitive":{"condition":[]}}},{"address":"module.gke_service_account.google_project_iam_member.service_account-roles[\"roles/monitoring.metricWriter\"]","module_address":"module.gke_service_account","mode":"managed","type":"google_project_iam_member","name":"service_account-roles","index":"roles/monitoring.metricWriter","provider_name":"registry.terraform.io/hashicorp/google","change":{"actions":["create"],"before":null,"after":{"condition":[],"project":"satya-project-344408","role":"roles/monitoring.metricWriter"},"after_unknown":{"condition":[],"etag":true,"id":true,"member":true},"before_sensitive":false,"after_sensitive":{"condition":[]}}},{"address":"module.gke_service_account.google_project_iam_member.service_account-roles[\"roles/monitoring.viewer\"]","module_address":"module.gke_service_account","mode":"managed","type":"google_project_iam_member","name":"service_account-roles","index":"roles/monitoring.viewer","provider_name":"registry.terraform.io/hashicorp/google","change":{"actions":["create"],"before":null,"after":{"condition":[],"project":"satya-project-344408","role":"roles/monitoring.viewer"},"after_unknown":{"condition":[],"etag":true,"id":true,"member":true},"before_sensitive":false,"after_sensitive":{"condition":[]}}},{"address":"module.gke_service_account.google_project_iam_member.service_account-roles[\"roles/stackdriver.resourceMetadata.writer\"]","module_address":"module.gke_service_account","mode":"managed","type":"google_project_iam_member","name":"service_account-roles","index":"roles/stackdriver.resourceMetadata.writer","provider_name":"registry.terraform.io/hashicorp/google","change":{"actions":["create"],"before":null,"after":{"condition":[],"project":"satya-project-344408","role":"roles/stackdriver.resourceMetadata.writer"},"after_unknown":{"condition":[],"etag":true,"id":true,"member":true},"before_sensitive":false,"after_sensitive":{"condition":[]}}},{"address":"module.gke_service_account.google_service_account.service_account","module_address":"module.gke_service_account","mode":"managed","type":"google_service_account","name":"service_account","provider_name":"registry.terraform.io/hashicorp/google","change":{"actions":["create"],"before":null,"after":{"account_id":"joy-cluster-sa","description":null,"display_name":"Example GKE Cluster Service Account managed by Terraform","project":"satya-project-344408","timeouts":null},"after_unknown":{"email":true,"id":true,"name":true,"unique_id":true},"before_sensitive":false,"after_sensitive":{}}},{"address":"module.vpc_network.google_compute_network.vpc","module_address":"module.vpc_network","mode":"managed","type":"google_compute_network","name":"vpc","provider_name":"registry.terraform.io/hashicorp/google","change":{"actions":["create"],"before":null,"after":{"auto_create_subnetworks":false,"delete_default_routes_on_create":false,"description":null,"project":"satya-project-344408","routing_mode":"REGIONAL","timeouts":null},"after_unknown":{"gateway_ipv4":true,"id":true,"name":true,"self_link":true},"before_sensitive":false,"after_sensitive":{}}},{"address":"module.vpc_network.google_compute_router.vpc_router","module_address":"module.vpc_network","mode":"managed","type":"google_compute_router","name":"vpc_router","provider_name":"registry.terraform.io/hashicorp/google","change":{"actions":["create"],"before":null,"after":{"bgp":[],"description":null,"project":"satya-project-344408","region":"us-central1","timeouts":null},"after_unknown":{"bgp":[],"creation_timestamp":true,"id":true,"name":true,"network":true,"self_link":true},"before_sensitive":false,"after_sensitive":{"bgp":[]}}},{"address":"module.vpc_network.google_compute_router_nat.vpc_nat","module_address":"module.vpc_network","mode":"managed","type":"google_compute_router_nat","name":"vpc_nat","provider_name":"registry.terraform.io/hashicorp/google","change":{"actions":["create"],"before":null,"after":{"drain_nat_ips":null,"icmp_idle_timeout_sec":30,"log_config":[],"min_ports_per_vm":null,"nat_ip_allocate_option":"AUTO_ONLY","nat_ips":null,"project":"satya-project-344408","region":"us-central1","source_subnetwork_ip_ranges_to_nat":"LIST_OF_SUBNETWORKS","subnetwork":[{"secondary_ip_range_names":[],"source_ip_ranges_to_nat":["ALL_IP_RANGES"]}],"tcp_established_idle_timeout_sec":1200,"tcp_transitory_idle_timeout_sec":30,"timeouts":null,"udp_idle_timeout_sec":30},"after_unknown":{"id":true,"log_config":[],"name":true,"router":true,"subnetwork":[{"name":true,"secondary_ip_range_names":[],"source_ip_ranges_to_nat":[false]}]},"before_sensitive":false,"after_sensitive":{"log_config":[],"subnetwork":[{"secondary_ip_range_names":[],"source_ip_ranges_to_nat":[false]}]}}},{"address":"module.vpc_network.google_compute_subnetwork.vpc_subnetwork_private","module_address":"module.vpc_network","mode":"managed","type":"google_compute_subnetwork","name":"vpc_subnetwork_private","provider_name":"registry.terraform.io/hashicorp/google","change":{"actions":["create"],"before":null,"after":{"description":null,"ip_cidr_range":"10.3.16.0/20","log_config":[{"aggregation_interval":"INTERVAL_10_MIN","filter_expr":"true","flow_sampling":0.5,"metadata":"INCLUDE_ALL_METADATA","metadata_fields":null}],"private_ip_google_access":true,"project":"satya-project-344408","region":"us-central1","secondary_ip_range":[{"ip_cidr_range":"10.4.16.0/20","range_name":"private-services"}],"timeouts":null},"after_unknown":{"creation_timestamp":true,"fingerprint":true,"gateway_address":true,"id":true,"log_config":[{}],"name":true,"network":true,"secondary_ip_range":[{}],"self_link":true},"before_sensitive":false,"after_sensitive":{"log_config":[{}],"secondary_ip_range":[{}]}}},{"address":"module.vpc_network.google_compute_subnetwork.vpc_subnetwork_public","module_address":"module.vpc_network","mode":"managed","type":"google_compute_subnetwork","name":"vpc_subnetwork_public","provider_name":"registry.terraform.io/hashicorp/google","change":{"actions":["create"],"before":null,"after":{"description":null,"ip_cidr_range":"10.3.0.0/20","log_config":[{"aggregation_interval":"INTERVAL_10_MIN","filter_expr":"true","flow_sampling":0.5,"metadata":"INCLUDE_ALL_METADATA","metadata_fields":null}],"private_ip_google_access":true,"project":"satya-project-344408","region":"us-central1","secondary_ip_range":[{"ip_cidr_range":"10.4.0.0/20","range_name":"public-cluster"},{"ip_cidr_range":"10.4.32.0/20","range_name":"public-services"}],"timeouts":null},"after_unknown":{"creation_timestamp":true,"fingerprint":true,"gateway_address":true,"id":true,"log_config":[{}],"name":true,"network":true,"secondary_ip_range":[{},{}],"self_link":true},"before_sensitive":false,"after_sensitive":{"log_config":[{}],"secondary_ip_range":[{},{}]}}},{"address":"module.vpc_network.module.network_firewall.data.google_compute_subnetwork.private_subnetwork","module_address":"module.vpc_network.module.network_firewall","mode":"data","type":"google_compute_subnetwork","name":"private_subnetwork","provider_name":"registry.terraform.io/hashicorp/google","change":{"actions":["read"],"before":null,"after":{"name":null},"after_unknown":{"description":true,"gateway_address":true,"id":true,"ip_cidr_range":true,"network":true,"private_ip_google_access":true,"project":true,"region":true,"secondary_ip_range":true,"self_link":true},"before_sensitive":false,"after_sensitive":{"secondary_ip_range":[]}},"action_reason":"read_because_config_unknown"},{"address":"module.vpc_network.module.network_firewall.data.google_compute_subnetwork.public_subnetwork","module_address":"module.vpc_network.module.network_firewall","mode":"data","type":"google_compute_subnetwork","name":"public_subnetwork","provider_name":"registry.terraform.io/hashicorp/google","change":{"actions":["read"],"before":null,"after":{"name":null},"after_unknown":{"description":true,"gateway_address":true,"id":true,"ip_cidr_range":true,"network":true,"private_ip_google_access":true,"project":true,"region":true,"secondary_ip_range":true,"self_link":true},"before_sensitive":false,"after_sensitive":{"secondary_ip_range":[]}},"action_reason":"read_because_config_unknown"},{"address":"module.vpc_network.module.network_firewall.google_compute_firewall.private_allow_all_network_inbound","module_address":"module.vpc_network.module.network_firewall","mode":"managed","type":"google_compute_firewall","name":"private_allow_all_network_inbound","provider_name":"registry.terraform.io/hashicorp/google","change":{"actions":["create"],"before":null,"after":{"allow":[{"ports":[],"protocol":"all"}],"deny":[],"description":null,"direction":"INGRESS","disabled":null,"log_config":[],"priority":1000,"project":"satya-project-344408","source_service_accounts":null,"source_tags":null,"target_service_accounts":null,"target_tags":["private"],"timeouts":null},"after_unknown":{"allow":[{"ports":[]}],"creation_timestamp":true,"deny":[],"destination_ranges":true,"enable_logging":true,"id":true,"log_config":[],"name":true,"network":true,"self_link":true,"source_ranges":true,"target_tags":[false]},"before_sensitive":false,"after_sensitive":{"allow":[{"ports":[]}],"deny":[],"destination_ranges":[],"log_config":[],"source_ranges":[],"target_tags":[false]}}},{"address":"module.vpc_network.module.network_firewall.google_compute_firewall.private_allow_restricted_network_inbound","module_address":"module.vpc_network.module.network_firewall","mode":"managed","type":"google_compute_firewall","name":"private_allow_restricted_network_inbound","provider_name":"registry.terraform.io/hashicorp/google","change":{"actions":["create"],"before":null,"after":{"allow":[{"ports":[],"protocol":"all"}],"deny":[],"description":null,"direction":"INGRESS","disabled":null,"log_config":[],"priority":1000,"project":"satya-project-344408","source_service_accounts":null,"source_tags":["private","private-persistence"],"target_service_accounts":null,"target_tags":["private-persistence"],"timeouts":null},"after_unknown":{"allow":[{"ports":[]}],"creation_timestamp":true,"deny":[],"destination_ranges":true,"enable_logging":true,"id":true,"log_config":[],"name":true,"network":true,"self_link":true,"source_ranges":true,"source_tags":[false,false],"target_tags":[false]},"before_sensitive":false,"after_sensitive":{"allow":[{"ports":[]}],"deny":[],"destination_ranges":[],"log_config":[],"source_ranges":[],"source_tags":[false,false],"target_tags":[false]}}},{"address":"module.vpc_network.module.network_firewall.google_compute_firewall.public_allow_all_inbound","module_address":"module.vpc_network.module.network_firewall","mode":"managed","type":"google_compute_firewall","name":"public_allow_all_inbound","provider_name":"registry.terraform.io/hashicorp/google","change":{"actions":["create"],"before":null,"after":{"allow":[{"ports":[],"protocol":"all"}],"deny":[],"description":null,"direction":"INGRESS","disabled":null,"log_config":[],"priority":1000,"project":"satya-project-344408","source_ranges":["0.0.0.0/0"],"source_service_accounts":null,"source_tags":null,"target_service_accounts":null,"target_tags":["public"],"timeouts":null},"after_unknown":{"allow":[{"ports":[]}],"creation_timestamp":true,"deny":[],"destination_ranges":true,"enable_logging":true,"id":true,"log_config":[],"name":true,"network":true,"self_link":true,"source_ranges":[false],"target_tags":[false]},"before_sensitive":false,"after_sensitive":{"allow":[{"ports":[]}],"deny":[],"destination_ranges":[],"log_config":[],"source_ranges":[false],"target_tags":[false]}}},{"address":"random_string.suffix","mode":"managed","type":"random_string","name":"suffix","provider_name":"registry.terraform.io/hashicorp/random","change":{"actions":["create"],"before":null,"after":{"keepers":null,"length":4,"lower":true,"min_lower":0,"min_numeric":0,"min_special":0,"min_upper":0,"number":true,"override_special":null,"special":false,"upper":false},"after_unknown":{"id":true,"result":true},"before_sensitive":false,"after_sensitive":{}}}],"output_changes":{"client_certificate":{"actions":["create"],"before":null,"after_unknown":true,"before_sensitive":false,"after_sensitive":false},"client_key":{"actions":["create"],"before":null,"after_unknown":true,"before_sensitive":true,"after_sensitive":true},"cluster_ca_certificate":{"actions":["create"],"before":null,"after_unknown":true,"before_sensitive":true,"after_sensitive":true},"cluster_endpoint":{"actions":["create"],"before":null,"after_unknown":true,"before_sensitive":true,"after_sensitive":true}},"prior_state":{"format_version":"1.0","terraform_version":"1.3.9","values":{"root_module":{"resources":[{"address":"data.google_client_config.client","mode":"data","type":"google_client_config","name":"client","provider_name":"registry.terraform.io/hashicorp/google","schema_version":0,"values":{"access_token":"ya29.c.b0Aaekm1K0mkee9RjfZafi0zLS8Xd08dIIFTIRlu5e3Iu8aq8T9fTOSMnif0lj1p8X1kMTOpB46N7kECdcLwDsdwQtW3Knx8ad4QKLP9AHjIUebRKol_H3QXCX5U-4zkQ4kJfV8GLSnYRU9LzulJUrTGM57VI0avqA-p2FRWATz_TCX58scQKRyHGyHSkpGX9XLLoo6gULOAG211C4uoJSzh4medu0nfco9t3U6V5WV0JtO8ItxybrhjrmmMmeohedXtUl8QdbOf_zht-JztSRbdyZ6Ze4vXiJ4qM1fM_fd3OlmXply0rYxon5ja-sOquuhi_kVocRYr6VuQtbpV5Zis04Jn5hlw-rVOBjuk8_dkjVr4piRr443Uxtf3Yfdq5aVZhcZ4Qn6XxQQUvrpk6ffuxr1ybeZSIol146cZI7BSZgyJX0dQhodyeJMiUMkXaty7hoXznSvsOZoycaz7_SchV8XXhidks7yZmclZk9c-YpgYeShgV6jivnt2uxjibbk06OomJUFd2o6j6z9Ygpr-e76ystQbYebYz7dyo13RXZ1e54sO6zqiJ_VFSX8UF-3U6n7n2Qf1vlwpWihmUVsF6Y4e1eaIfk35Vftx9d4ykSwbngOdx3eIByUseXSd8bB24xo27k18nk3t55mpctnROrObcnYQt4acgxmtbf4exzp8gWRwa9_fW8Xca5jJURXe0ctfhhzVgRsSgOcZjQq98JapbQ2Ff5J2-q9Z43pmt5QjmbUdW_53r4rcvpbrXQfxF01dbVwnrU-gd7puwm6bV-gUJae601fo5rtgbq139d5bUazRFwfmYQaz9jQaFv1Ua_VS5yUJd_St-3krzF9Uq_kXQijnVnZFVoJ2ijkv7Xy3r50IghwFBUhwRjeSspuv7g-Uo9fm2Rzr713imZp39sVbb2hVyrJu_VBou-O9Bb86hMqJdO649p_6_RIJ229jJ-g4nObvt-6nB4XfOflsOwed-d5XrilbFc5k9Rxht1YoR8aWjcVZ3","id":"projects/satya-project-344408/regions/us-central1/zones/","project":"satya-project-344408","region":"us-central1","zone":""},"sensitive_values":{}},{"address":"data.google_client_config.default","mode":"data","type":"google_client_config","name":"default","provider_name":"registry.terraform.io/hashicorp/google","schema_version":0,"values":{"access_token":"ya29.c.b0Aaekm1K0mkee9RjfZafi0zLS8Xd08dIIFTIRlu5e3Iu8aq8T9fTOSMnif0lj1p8X1kMTOpB46N7kECdcLwDsdwQtW3Knx8ad4QKLP9AHjIUebRKol_H3QXCX5U-4zkQ4kJfV8GLSnYRU9LzulJUrTGM57VI0avqA-p2FRWATz_TCX58scQKRyHGyHSkpGX9XLLoo6gULOAG211C4uoJSzh4medu0nfco9t3U6V5WV0JtO8ItxybrhjrmmMmeohedXtUl8QdbOf_zht-JztSRbdyZ6Ze4vXiJ4qM1fM_fd3OlmXply0rYxon5ja-sOquuhi_kVocRYr6VuQtbpV5Zis04Jn5hlw-rVOBjuk8_dkjVr4piRr443Uxtf3Yfdq5aVZhcZ4Qn6XxQQUvrpk6ffuxr1ybeZSIol146cZI7BSZgyJX0dQhodyeJMiUMkXaty7hoXznSvsOZoycaz7_SchV8XXhidks7yZmclZk9c-YpgYeShgV6jivnt2uxjibbk06OomJUFd2o6j6z9Ygpr-e76ystQbYebYz7dyo13RXZ1e54sO6zqiJ_VFSX8UF-3U6n7n2Qf1vlwpWihmUVsF6Y4e1eaIfk35Vftx9d4ykSwbngOdx3eIByUseXSd8bB24xo27k18nk3t55mpctnROrObcnYQt4acgxmtbf4exzp8gWRwa9_fW8Xca5jJURXe0ctfhhzVgRsSgOcZjQq98JapbQ2Ff5J2-q9Z43pmt5QjmbUdW_53r4rcvpbrXQfxF01dbVwnrU-gd7puwm6bV-gUJae601fo5rtgbq139d5bUazRFwfmYQaz9jQaFv1Ua_VS5yUJd_St-3krzF9Uq_kXQijnVnZFVoJ2ijkv7Xy3r50IghwFBUhwRjeSspuv7g-Uo9fm2Rzr713imZp39sVbb2hVyrJu_VBou-O9Bb86hMqJdO649p_6_RIJ229jJ-g4nObvt-6nB4XfOflsOwed-d5XrilbFc5k9Rxht1YoR8aWjcVZ3","id":"projects/satya-project-344408/regions/us-central1/zones/","project":"satya-project-344408","region":"us-central1","zone":""},"sensitive_values":{}}],"child_modules":[{"resources":[{"address":"module.gke_cluster.data.google_container_engine_versions.location","mode":"data","type":"google_container_engine_versions","name":"location","provider_name":"registry.terraform.io/hashicorp/google","schema_version":0,"values":{"default_cluster_version":"1.24.9-gke.2000","id":"2023-02-21 11:29:00.304434161 +0000 UTC","latest_master_version":"1.25.6-gke.1000","latest_node_version":"1.25.6-gke.1000","location":"us-central1-c","project":"satya-project-344408","release_channel_default_version":{"RAPID":"1.25.6-gke.200","REGULAR":"1.24.9-gke.2000","STABLE":"1.23.14-gke.1800"},"valid_master_versions":["1.25.6-gke.1000","1.25.6-gke.200","1.25.5-gke.2000","1.24.9-gke.3200","1.24.9-gke.2000","1.24.9-gke.1500","1.24.8-gke.2000","1.23.16-gke.1100","1.23.16-gke.200","1.23.15-gke.1900","1.23.15-gke.1400","1.23.14-gke.1800","1.23.14-gke.401","1.23.13-gke.900","1.22.17-gke.4000","1.22.17-gke.3100","1.22.16-gke.2000","1.22.16-gke.1300","1.22.15-gke.2500","1.22.15-gke.1000","1.21.14-gke.15800","1.21.14-gke.14600","1.21.14-gke.14100","1.21.14-gke.8500","1.21.14-gke.7100"],"valid_node_versions":["1.25.6-gke.1000","1.25.6-gke.200","1.25.5-gke.2000","1.25.5-gke.1500","1.25.4-gke.2100","1.25.3-gke.800","1.24.9-gke.3200","1.24.9-gke.2000","1.24.9-gke.1500","1.24.8-gke.2000","1.24.8-gke.401","1.24.7-gke.900","1.24.6-gke.1500","1.24.5-gke.600","1.24.4-gke.800","1.24.3-gke.2100","1.24.3-gke.900","1.24.3-gke.200","1.24.2-gke.1900","1.24.2-gke.300","1.24.1-gke.1800","1.24.1-gke.1400","1.23.16-gke.1100","1.23.16-gke.200","1.23.15-gke.1900","1.23.15-gke.1400","1.23.14-gke.1800","1.23.14-gke.401","1.23.13-gke.900","1.23.12-gke.1600","1.23.12-gke.100","1.23.11-gke.300","1.23.10-gke.1000","1.23.9-gke.2100","1.23.9-gke.900","1.23.8-gke.1900","1.23.8-gke.400","1.23.7-gke.1400","1.23.6-gke.2200","1.23.6-gke.1700","1.23.6-gke.1501","1.23.6-gke.1500","1.23.5-gke.2400","1.23.5-gke.1503","1.23.5-gke.1501","1.22.17-gke.4000","1.22.17-gke.3100","1.22.17-gke.1900","1.22.17-gke.1400","1.22.16-gke.2000","1.22.16-gke.1300","1.22.15-gke.2500","1.22.15-gke.1000","1.22.15-gke.100","1.22.14-gke.300","1.22.13-gke.1000","1.22.12-gke.2300","1.22.12-gke.1200","1.22.12-gke.500","1.22.12-gke.300","1.22.11-gke.400","1.22.10-gke.600","1.22.9-gke.2000","1.22.9-gke.1500","1.22.9-gke.1300","1.22.8-gke.2200","1.22.8-gke.202","1.22.8-gke.201","1.22.8-gke.200","1.22.7-gke.1500","1.22.7-gke.1300","1.22.7-gke.900","1.22.7-gke.300","1.22.6-gke.1000","1.22.6-gke.300","1.22.4-gke.1501","1.22.3-gke.1500","1.21.14-gke.15800","1.21.14-gke.14600","1.21.14-gke.14100","1.21.14-gke.8500","1.21.14-gke.7100","1.21.14-gke.5300","1.21.14-gke.4300","1.21.14-gke.3000","1.21.14-gke.2700","1.21.14-gke.2100","1.21.14-gke.700","1.21.13-gke.900","1.21.12-gke.2200","1.21.12-gke.1700","1.21.12-gke.1500","1.21.11-gke.1900","1.21.11-gke.1100","1.21.11-gke.900","1.21.10-gke.2000","1.21.10-gke.1500","1.21.10-gke.1300","1.21.10-gke.400","1.21.9-gke.1002","1.21.9-gke.1001","1.21.9-gke.1000","1.21.9-gke.300","1.21.6-gke.1503","1.21.6-gke.1501","1.21.6-gke.1500","1.21.5-gke.1805","1.21.5-gke.1802","1.21.5-gke.1302","1.21.5-gke.1300","1.21.4-gke.2302","1.21.4-gke.2300","1.21.3-gke.2003","1.21.3-gke.2001","1.20.15-gke.13700","1.20.15-gke.13400","1.20.15-gke.12800","1.20.15-gke.11400","1.20.15-gke.9900","1.20.15-gke.8700","1.20.15-gke.8200","1.20.15-gke.8000","1.20.15-gke.6000","1.20.15-gke.5200","1.20.15-gke.5000","1.20.15-gke.4100","1.20.15-gke.3600","1.20.15-gke.3400","1.20.15-gke.2500","1.20.15-gke.1000","1.20.15-gke.300","1.20.12-gke.1500","1.20.11-gke.1801","1.20.11-gke.1300","1.20.10-gke.2100","1.20.10-gke.1600","1.20.10-gke.301","1.20.9-gke.2100","1.20.9-gke.1001","1.20.9-gke.1000","1.20.9-gke.701","1.20.9-gke.700","1.20.8-gke.2101","1.20.8-gke.2100","1.20.8-gke.900","1.20.8-gke.700","1.20.7-gke.2200","1.20.7-gke.1800","1.20.6-gke.1400","1.20.6-gke.1000","1.19.16-gke.15700","1.19.16-gke.14500","1.19.16-gke.14000","1.19.16-gke.13800","1.19.16-gke.11800","1.19.16-gke.11000","1.19.16-gke.10800","1.19.16-gke.9900","1.19.16-gke.9400","1.19.16-gke.9200","1.19.16-gke.8300","1.19.16-gke.6800","1.19.16-gke.6100","1.19.16-gke.3600","1.19.15-gke.1801","1.19.15-gke.1300","1.19.15-gke.500","1.19.14-gke.2300","1.19.14-gke.1900","1.19.14-gke.301","1.19.14-gke.300","1.19.13-gke.1900","1.19.13-gke.1200","1.19.13-gke.701","1.19.13-gke.700","1.19.12-gke.2101","1.19.12-gke.2100","1.19.12-gke.1100","1.19.12-gke.900","1.19.12-gke.700","1.19.11-gke.2101","1.19.11-gke.2100","1.19.11-gke.1701","1.19.11-gke.1700","1.19.10-gke.1701","1.19.10-gke.1700","1.19.10-gke.1601","1.19.10-gke.1600","1.19.10-gke.1001","1.19.10-gke.1000","1.19.9-gke.1900","1.19.9-gke.1400","1.19.9-gke.700","1.19.9-gke.100","1.19.8-gke.2000","1.19.8-gke.1600","1.19.8-gke.1000","1.19.7-gke.2503","1.19.7-gke.1500","1.19.7-gke.1302","1.19.7-gke.800","1.19.6-gke.1700","1.19.6-gke.1100","1.19.6-gke.600","1.18.20-gke.6101","1.18.20-gke.6000","1.18.20-gke.4501","1.18.20-gke.4500","1.18.20-gke.4100","1.18.20-gke.3300","1.18.20-gke.3001","1.18.20-gke.3000","1.18.20-gke.2300","1.18.20-gke.901","1.18.20-gke.900","1.18.20-gke.501","1.18.19-gke.2101","1.18.19-gke.2100","1.18.19-gke.1701","1.18.19-gke.1700","1.18.18-gke.1701","1.18.18-gke.1700","1.18.18-gke.1101","1.18.18-gke.1100","1.18.17-gke.1901","1.18.17-gke.1900","1.18.17-gke.1201","1.18.17-gke.1200","1.18.17-gke.700","1.18.17-gke.100","1.18.16-gke.2100","1.18.16-gke.1201","1.18.16-gke.1200","1.18.16-gke.502","1.18.16-gke.500","1.18.16-gke.302","1.18.16-gke.300","1.18.15-gke.2500","1.18.15-gke.1502","1.18.15-gke.1501","1.18.15-gke.1500","1.18.15-gke.1102","1.18.15-gke.1100","1.18.15-gke.800","1.18.14-gke.1600","1.18.14-gke.1200","1.18.12-gke.1210","1.18.12-gke.1206","1.18.12-gke.1205","1.18.12-gke.1201","1.18.12-gke.1200","1.18.12-gke.300","1.18.10-gke.2701","1.18.10-gke.2101","1.18.10-gke.1500","1.18.10-gke.601","1.18.9-gke.2501","1.18.9-gke.1501","1.18.9-gke.801","1.18.6-gke.4801","1.18.6-gke.3504","1.18.6-gke.3503","1.17.17-gke.9100","1.17.17-gke.8500","1.17.17-gke.8200","1.17.17-gke.7800","1.17.17-gke.7200","1.17.17-gke.6700","1.17.17-gke.6000","1.17.17-gke.5400","1.17.17-gke.4900","1.17.17-gke.4400","1.17.17-gke.3700","1.17.17-gke.3000","1.17.17-gke.2800","1.17.17-gke.2500","1.17.17-gke.1500","1.17.17-gke.1101","1.17.17-gke.1100","1.17.17-gke.600","1.17.16-gke.1600","1.17.16-gke.1300","1.17.15-gke.800","1.17.15-gke.300","1.17.14-gke.1600","1.17.14-gke.1200","1.17.14-gke.400","1.17.13-gke.2600","1.17.13-gke.2001","1.17.13-gke.1401","1.17.13-gke.1400","1.17.13-gke.600","1.17.12-gke.2502","1.17.12-gke.1504","1.17.12-gke.1501","1.17.12-gke.500","1.17.9-gke.6300","1.17.9-gke.1504","1.16.15-gke.14800","1.16.15-gke.12500","1.16.15-gke.11800","1.16.15-gke.10600","1.16.15-gke.7801","1.16.15-gke.7800","1.16.15-gke.7300","1.16.15-gke.6900","1.16.15-gke.6000","1.16.15-gke.5500","1.16.15-gke.4901","1.16.15-gke.4301","1.16.15-gke.4300","1.16.15-gke.3500","1.16.15-gke.2601","1.16.15-gke.1600","1.16.15-gke.500","1.16.13-gke.404","1.16.13-gke.403","1.16.13-gke.401","1.16.13-gke.400","1.16.13-gke.1","1.16.11-gke.5","1.16.10-gke.8","1.16.9-gke.6","1.16.9-gke.2","1.16.8-gke.15","1.16.8-gke.12","1.16.8-gke.9","1.15.12-gke.6002","1.15.12-gke.6001","1.15.12-gke.5000","1.15.12-gke.4002","1.15.12-gke.4000","1.15.12-gke.20","1.15.12-gke.17","1.15.12-gke.16","1.15.12-gke.13","1.15.12-gke.9","1.15.12-gke.6","1.15.12-gke.3","1.15.12-gke.2","1.15.11-gke.17","1.15.11-gke.15","1.15.11-gke.13","1.15.11-gke.12","1.15.11-gke.11","1.15.11-gke.9","1.15.11-gke.5","1.15.11-gke.3","1.15.11-gke.1","1.15.9-gke.26","1.15.9-gke.24","1.15.9-gke.22","1.15.9-gke.12","1.15.9-gke.9","1.15.9-gke.8","1.15.8-gke.3","1.15.8-gke.2","1.15.7-gke.23","1.15.7-gke.2","1.15.4-gke.22","1.14.10-gke.1504","1.14.10-gke.902","1.14.10-gke.50","1.14.10-gke.46","1.14.10-gke.45","1.14.10-gke.42","1.14.10-gke.41","1.14.10-gke.40","1.14.10-gke.37","1.14.10-gke.36","1.14.10-gke.34","1.14.10-gke.32","1.14.10-gke.31","1.14.10-gke.27","1.14.10-gke.24","1.14.10-gke.22","1.14.10-gke.21","1.14.10-gke.17","1.14.10-gke.0","1.14.9-gke.23","1.14.9-gke.2","1.14.9-gke.0","1.14.8-gke.33","1.14.8-gke.21","1.14.8-gke.18","1.14.8-gke.17","1.14.8-gke.14","1.14.8-gke.12","1.14.8-gke.7","1.14.8-gke.2","1.14.7-gke.40","1.14.7-gke.25","1.14.7-gke.23","1.14.7-gke.17","1.14.7-gke.14","1.14.7-gke.10","1.14.6-gke.13","1.14.6-gke.2","1.14.6-gke.1","1.14.3-gke.11","1.14.3-gke.10","1.14.3-gke.9","1.14.2-gke.9","1.14.1-gke.5","1.13.12-gke.30","1.13.12-gke.25","1.13.12-gke.17","1.13.12-gke.16","1.13.12-gke.14","1.13.12-gke.13","1.13.12-gke.10","1.13.12-gke.8","1.13.12-gke.4","1.13.12-gke.2","1.13.11-gke.23","1.13.11-gke.15","1.13.11-gke.14","1.13.11-gke.12","1.13.11-gke.11","1.13.11-gke.9","1.13.11-gke.5","1.13.10-gke.7","1.13.10-gke.0","1.13.9-gke.11","1.13.9-gke.3","1.13.7-gke.24","1.13.7-gke.19","1.13.7-gke.15","1.13.7-gke.8","1.13.7-gke.0","1.13.6-gke.13","1.13.6-gke.6","1.13.6-gke.5","1.13.6-gke.0","1.13.5-gke.10","1.12.10-gke.22","1.12.10-gke.20","1.12.10-gke.19","1.12.10-gke.18","1.12.10-gke.17","1.12.10-gke.15","1.12.10-gke.13","1.12.10-gke.11","1.12.10-gke.5","1.12.9-gke.16","1.12.9-gke.15","1.12.9-gke.13","1.12.9-gke.10","1.12.9-gke.7","1.12.9-gke.3","1.12.8-gke.12","1.12.8-gke.10","1.12.8-gke.7","1.12.8-gke.6","1.12.7-gke.26","1.12.7-gke.25","1.12.7-gke.24","1.12.7-gke.22","1.12.7-gke.21","1.12.7-gke.17","1.12.7-gke.10","1.12.7-gke.7","1.12.6-gke.11","1.12.6-gke.10","1.12.6-gke.7","1.12.5-gke.10","1.12.5-gke.5","1.11.10-gke.6","1.11.10-gke.5"],"version_prefix":null},"sensitive_values":{"release_channel_default_version":{},"valid_master_versions":[false,false,false,false,false,false,false,false,false,false,false,false,false,false,false,false,false,false,false,false,false,false,false,false,false],"valid_node_versions":[false,false,false,false,false,false,false,false,false,false,false,false,false,false,false,false,false,false,false,false,false,false,false,false,false,false,false,false,false,false,false,false,false,false,false,false,false,false,false,false,false,false,false,false,false,false,false,false,false,false,false,false,false,false,false,false,false,false,false,false,false,false,false,false,false,false,false,false,false,false,false,false,false,false,false,false,false,false,false,false,false,false,false,false,false,false,false,false,false,false,false,false,false,false,false,false,false,false,false,false,false,false,false,false,false,false,false,false,false,false,false,false,false,false,false,false,false,false,false,false,false,false,false,false,false,false,false,false,false,false,false,false,false,false,false,false,false,false,false,false,false,false,false,false,false,false,false,false,false,false,false,false,false,false,false,false,false,false,false,false,false,false,false,false,false,false,false,false,false,false,false,false,false,false,false,false,false,false,false,false,false,false,false,false,false,false,false,false,false,false,false,false,false,false,false,false,false,false,false,false,false,false,false,false,false,false,false,false,false,false,false,false,false,false,false,false,false,false,false,false,false,false,false,false,false,false,false,false,false,false,false,false,false,false,false,false,false,false,false,false,false,false,false,false,false,false,false,false,false,false,false,false,false,false,false,false,false,false,false,false,false,false,false,false,false,false,false,false,false,false,false,false,false,false,false,false,false,false,false,false,false,false,false,false,false,false,false,false,false,false,false,false,false,false,false,false,false,false,false,false,false,false,false,false,false,false,false,false,false,false,false,false,false,false,false,false,false,false,false,false,false,false,false,false,false,false,false,false,false,false,false,false,false,false,false,false,false,false,false,false,false,false,false,false,false,false,false,false,false,false,false,false,false,false,false,false,false,false,false,false,false,false,false,false,false,false,false,false,false,false,false,false,false,false,false,false,false,false,false,false,false,false,false,false,false,false,false,false,false,false,false,false,false,false,false,false,false,false,false,false,false,false,false,false,false,false,false,false,false,false,false,false,false,false,false,false,false,false,false,false,false,false,false,false,false,false,false,false,false,false,false,false,false,false,false,false,false,false,false,false,false,false,false,false,false,false,false,false,false,false,false,false,false,false,false,false,false,false,false,false,false,false,false,false,false,false,false,false,false]}}],"address":"module.gke_cluster"}]}}},"configuration":{"provider_config":{"google":{"name":"google","full_name":"registry.terraform.io/hashicorp/google","version_constraint":"~\u003e 3.43.0","expressions":{"project":{"references":["var.project"]},"region":{"references":["var.region"]},"scopes":{"constant_value":["https://www.googleapis.com/auth/compute","https://www.googleapis.com/auth/cloud-platform","https://www.googleapis.com/auth/ndev.clouddns.readwrite","https://www.googleapis.com/auth/devstorage.full_control","https://www.googleapis.com/auth/userinfo.email"]}}},"kubernetes":{"name":"kubernetes","full_name":"registry.terraform.io/hashicorp/kubernetes","version_constraint":"~\u003e 1.7.0","expressions":{"cluster_ca_certificate":{"references":["module.gke_cluster.client_certificate","module.gke_cluster"]},"host":{"references":["module.gke_cluster.endpoint","module.gke_cluster"]},"token":{"references":["data.google_client_config.default.access_token","data.google_client_config.default"]}}},"random":{"name":"random","full_name":"registry.terraform.io/hashicorp/random"}},"root_module":{"outputs":{"client_certificate":{"expression":{"references":["module.gke_cluster.client_certificate","module.gke_cluster"]},"description":"Public certificate used by clients to authenticate to the cluster endpoint."},"client_key":{"sensitive":true,"expression":{"references":["module.gke_cluster.client_key","module.gke_cluster"]},"description":"Private key used by clients to authenticate to the cluster endpoint."},"cluster_ca_certificate":{"sensitive":true,"expression":{"references":["module.gke_cluster.cluster_ca_certificate","module.gke_cluster"]},"description":"The public certificate that is the root of trust for the cluster."},"cluster_endpoint":{"sensitive":true,"expression":{"references":["module.gke_cluster.endpoint","module.gke_cluster"]},"description":"The IP address of the cluster master."}},"resources":[{"address":"google_container_node_pool.node_pool","mode":"managed","type":"google_container_node_pool","name":"node_pool","provider_config_key":"google","expressions":{"autoscaling":[{"max_node_count":{"references":["var.max_node_count"]},"min_node_count":{"references":["var.min_node_count"]}}],"cluster":{"references":["module.gke_cluster.name","module.gke_cluster"]},"initial_node_count":{"references":["var.initial_node_count"]},"location":{"references":["var.location"]},"management":[{"auto_repair":{"constant_value":"true"},"auto_upgrade":{"constant_value":"true"}}],"name":{"constant_value":"main-pool"},"node_config":[{"disk_size_gb":{"constant_value":"30"},"disk_type":{"constant_value":"pd-standard"},"image_type":{"references":["var.image_type"]},"labels":{"constant_value":{"all-pools-example":"true"}},"machine_type":{"references":["var.machine_type"]},"oauth_scopes":{"constant_value":["https://www.googleapis.com/auth/cloud-platform"]},"preemptible":{"constant_value":false},"service_account":{"references":["module.gke_service_account.email","module.gke_service_account"]},"tags":{"references":["module.vpc_network.public","module.vpc_network"]}}],"project":{"references":["var.project"]},"timeouts":{"create":{"constant_value":"30m"},"delete":{"constant_value":"30m"},"update":{"constant_value":"30m"}}},"schema_version":1},{"address":"random_string.suffix","mode":"managed","type":"random_string","name":"suffix","provider_config_key":"random","expressions":{"length":{"constant_value":4},"special":{"constant_value":false},"upper":{"constant_value":false}},"schema_version":1},{"address":"data.google_client_config.client","mode":"data","type":"google_client_config","name":"client","provider_config_key":"google","schema_version":0},{"address":"data.google_client_config.default","mode":"data","type":"google_client_config","name":"default","provider_config_key":"google","schema_version":0}],"module_calls":{"gke_cluster":{"source":"./modules/gke-cluster","expressions":{"cluster_secondary_range_name":{"references":["module.vpc_network.public_subnetwork_secondary_range_name","module.vpc_network"]},"disable_public_endpoint":{"constant_value":"false"},"location":{"references":["var.location"]},"name":{"references":["var.cluster_name"]},"network":{"references":["module.vpc_network.network","module.vpc_network"]},"project":{"references":["var.project"]},"resource_labels":{"constant_value":{"environment":"testing"}},"subnetwork":{"references":["module.vpc_network.public_subnetwork","module.vpc_network"]}},"module":{"outputs":{"client_certificate":{"expression":{"references":["google_container_cluster.cluster.master_auth[0].client_certificate","google_container_cluster.cluster.master_auth[0]","google_container_cluster.cluster.master_auth","google_container_cluster.cluster"]},"description":"Public certificate used by clients to authenticate to the cluster endpoint."},"client_key":{"expression":{"references":["google_container_cluster.cluster.master_auth[0].client_key","google_container_cluster.cluster.master_auth[0]","google_container_cluster.cluster.master_auth","google_container_cluster.cluster"]},"description":"Private key used by clients to authenticate to the cluster endpoint."},"cluster_ca_certificate":{"expression":{"references":["google_container_cluster.cluster.master_auth[0].cluster_ca_certificate","google_container_cluster.cluster.master_auth[0]","google_container_cluster.cluster.master_auth","google_container_cluster.cluster"]},"description":"The public certificate that is the root of trust for the cluster."},"endpoint":{"sensitive":true,"expression":{"references":["google_container_cluster.cluster.endpoint","google_container_cluster.cluster"]},"description":"The IP address of the cluster master."},"master_version":{"expression":{"references":["google_container_cluster.cluster.master_version","google_container_cluster.cluster"]},"description":"The Kubernetes master version."},"name":{"expression":{"references":["google_container_cluster.cluster.name","google_container_cluster.cluster"]},"description":"The name of the cluster master. This output is used for interpolation with node pools, other modules."}},"resources":[{"address":"google_container_cluster.cluster","mode":"managed","type":"google_container_cluster","name":"cluster","provider_config_key":"google","expressions":{"addons_config":[{"horizontal_pod_autoscaling":[{"disabled":{"references":["var.horizontal_pod_autoscaling"]}}],"http_load_balancing":[{"disabled":{"references":["var.http_load_balancing"]}}],"network_policy_config":[{"disabled":{"references":["var.enable_network_policy"]}}]}],"description":{"references":["var.description"]},"enable_legacy_abac":{"references":["var.enable_legacy_abac"]},"initial_node_count":{"constant_value":1},"ip_allocation_policy":[{"cluster_secondary_range_name":{"references":["var.cluster_secondary_range_name"]},"services_secondary_range_name":{"references":["var.services_secondary_range_name"]}}],"location":{"references":["var.location"]},"logging_service":{"references":["var.logging_service"]},"maintenance_policy":[{"daily_maintenance_window":[{"start_time":{"references":["var.maintenance_start_time"]}}]}],"master_auth":[{"password":{"references":["var.basic_auth_password"]},"username":{"references":["var.basic_auth_username"]}}],"min_master_version":{"references":["local.kubernetes_version"]},"monitoring_service":{"references":["var.monitoring_service"]},"name":{"references":["var.name"]},"network":{"references":["var.network"]},"network_policy":[{"enabled":{"references":["var.enable_network_policy"]},"provider":{"references":["var.enable_network_policy"]}}],"private_cluster_config":[{"enable_private_endpoint":{"references":["var.disable_public_endpoint"]},"enable_private_nodes":{"references":["var.enable_private_nodes"]},"master_ipv4_cidr_block":{"references":["var.master_ipv4_cidr_block"]}}],"project":{"references":["var.project"]},"remove_default_node_pool":{"constant_value":true},"resource_labels":{"references":["var.resource_labels"]},"subnetwork":{"references":["var.subnetwork"]},"vertical_pod_autoscaling":[{"enabled":{"references":["var.enable_vertical_pod_autoscaling"]}}]},"schema_version":1},{"address":"data.google_container_engine_versions.location","mode":"data","type":"google_container_engine_versions","name":"location","provider_config_key":"google","expressions":{"location":{"references":["var.location"]},"project":{"references":["var.project"]}},"schema_version":0}],"variables":{"alternative_default_service_account":{"default":null,"description":"Alternative Service Account to be used by the Node VMs. If not specified, the default compute Service Account will be used. Provide if the default Service Account is no longer available."},"basic_auth_password":{"default":"","description":"The password used for basic auth; set both this and `basic_auth_username` to \"\" to disable basic auth."},"basic_auth_username":{"default":"","description":"The username used for basic auth; set both this and `basic_auth_password` to \"\" to disable basic auth."},"cluster_secondary_range_name":{"default":"sub2","description":"The name of the secondary range within the subnetwork for the cluster to use"},"description":{"default":"","description":"The description of the cluster"},"disable_public_endpoint":{"default":false,"description":"Control whether the master's internal IP address is used as the cluster endpoint. If set to 'true', the master can only be accessed from internal IP addresses."},"enable_client_certificate_authentication":{"default":false,"description":"Whether to enable authentication by x509 certificates. With ABAC disabled, these certificates are effectively useless."},"enable_legacy_abac":{"default":false,"description":"Whether to enable legacy Attribute-Based Access Control (ABAC). RBAC has significant security advantages over ABAC."},"enable_network_policy":{"default":true,"description":"Whether to enable Kubernetes NetworkPolicy on the master, which is required to be enabled to be used on Nodes."},"enable_private_nodes":{"default":false,"description":"Control whether nodes have internal IP addresses only. If enabled, all nodes are given only RFC 1918 private addresses and communicate with the master via private networking."},"enable_vertical_pod_autoscaling":{"default":"false","description":"Whether to enable Vertical Pod Autoscaling"},"enable_workload_identity":{"default":false,"description":"Enable Workload Identity on the cluster"},"gsuite_domain_name":{"default":null,"description":"The domain name for use with Google security groups in Kubernetes RBAC. If a value is provided, the cluster will be initialized with security group `gke-security-groups@[yourdomain.com]`."},"horizontal_pod_autoscaling":{"default":true,"description":"Whether to enable the horizontal pod autoscaling addon"},"http_load_balancing":{"default":true,"description":"Whether to enable the http (L7) load balancing addon"},"identity_namespace":{"default":null,"description":"Workload Identity Namespace. Default sets project based namespace [project_id].svc.id.goog"},"ip_masq_link_local":{"default":false,"description":"Whether to masquerade traffic to the link-local prefix (169.254.0.0/16)."},"ip_masq_resync_interval":{"default":"60s","description":"The interval at which the agent attempts to sync its ConfigMap file from the disk."},"kubernetes_version":{"default":"latest","description":"The Kubernetes version of the masters. If set to 'latest' it will pull latest available version in the selected region."},"location":{"default":"","description":"The location (region or zone) to host the cluster in"},"logging_service":{"default":"logging.googleapis.com/kubernetes","description":"The logging service that the cluster should write logs to. Available options include logging.googleapis.com/kubernetes, logging.googleapis.com (legacy), and none"},"maintenance_start_time":{"default":"05:00","description":"Time window specified for daily maintenance operations in RFC3339 format"},"master_authorized_networks_config":{"default":[],"description":"  The desired configuration options for master authorized networks. Omit the nested cidr_blocks attribute to disallow external access (except the cluster node IPs, which GKE automatically whitelists)\r\n  ### example format ###\r\n  master_authorized_networks_config = [{\r\n    cidr_blocks = [{\r\n      cidr_block   = \"10.0.0.0/8\"\r\n      display_name = \"example_network\"\r\n    }],\r\n  }]\r\n"},"master_ipv4_cidr_block":{"default":"","description":"The IP range in CIDR notation to use for the hosted master network. This range will be used for assigning internal IP addresses to the master or set of masters, as well as the ILB VIP. This range must not overlap with any other ranges in use within the cluster's network."},"monitoring_service":{"default":"monitoring.googleapis.com/kubernetes","description":"The monitoring service that the cluster should write metrics to. Automatically send metrics from pods in the cluster to the Stackdriver Monitoring API. VM metrics will be collected by Google Compute Engine regardless of this setting. Available options include monitoring.googleapis.com/kubernetes, monitoring.googleapis.com (legacy), and none"},"name":{"default":"","description":"The name of the cluster"},"network":{"default":"public-cluster","description":"A reference (self link) to the VPC network to host the cluster in"},"network_project":{"default":"","description":"The project ID of the shared VPC's host (for shared vpc support)"},"non_masquerade_cidrs":{"default":["10.0.0.0/8","172.16.0.0/12","192.168.0.0/16"],"description":"List of strings in CIDR notation that specify the IP address ranges that do not use IP masquerading."},"project":{"default":"","description":"The project ID to host the cluster in"},"resource_labels":{"default":{},"description":"The GCE resource labels (a map of key/value pairs) to be applied to the cluster."},"secrets_encryption_kms_key":{"default":null,"description":"The Cloud KMS key to use for the encryption of secrets in etcd, e.g: projects/my-project/locations/global/keyRings/my-ring/cryptoKeys/my-key"},"services_secondary_range_name":{"default":null,"description":"The name of the secondary range within the subnetwork for the services to use"},"stub_domains":{"default":{},"description":"Map of stub domains and their resolvers to forward DNS queries for a certain domain to an external DNS server"},"subnetwork":{"default":"public-sub","description":"A reference (self link) to the subnetwork to host the cluster in"}}}},"gke_service_account":{"source":"./modules/gke-service-account","expressions":{"description":{"references":["var.cluster_service_account_description"]},"name":{"references":["var.cluster_service_account_name"]},"project":{"references":["var.project"]}},"module":{"outputs":{"email":{"expression":{"references":["google_service_account.service_account.email","google_service_account.service_account"]},"description":"The email address of the custom service account."}},"resources":[{"address":"google_project_iam_member.service_account-roles","mode":"managed","type":"google_project_iam_member","name":"service_account-roles","provider_config_key":"google","expressions":{"member":{"references":["google_service_account.service_account.email","google_service_account.service_account"]},"project":{"references":["var.project"]},"role":{"references":["each.value"]}},"schema_version":0,"for_each_expression":{"references":["local.all_service_account_roles"]}},{"address":"google_service_account.service_account","mode":"managed","type":"google_service_account","name":"service_account","provider_config_key":"google","expressions":{"account_id":{"references":["var.name"]},"display_name":{"references":["var.description"]},"project":{"references":["var.project"]}},"schema_version":0}],"variables":{"description":{"default":"","description":"The description of the custom service account."},"name":{"default":"","description":"The name of the custom service account. This parameter is limited to a maximum of 28 characters."},"project":{"default":"","description":"The name of the GCP Project where all resources will be launched."},"service_account_roles":{"default":[],"description":"Additional roles to be added to the service account."}}}},"vpc_network":{"source":"./modules/vpc-network","expressions":{"cidr_block":{"references":["var.vpc_cidr_block"]},"name_prefix":{"references":["var.cluster_name","random_string.suffix.result","random_string.suffix"]},"private_services_secondary_cidr_block":{"references":["var.private_services_secondary_cidr_block"]},"project":{"references":["var.project"]},"public_services_secondary_cidr_block":{"references":["var.public_services_secondary_cidr_block"]},"public_services_secondary_range_name":{"references":["var.public_services_secondary_range_name"]},"public_subnetwork_secondary_range_name":{"references":["var.public_subnetwork_secondary_range_name"]},"region":{"references":["var.region"]},"secondary_cidr_block":{"references":["var.vpc_secondary_cidr_block"]},"secondary_cidr_subnetwork_spacing":{"references":["var.secondary_cidr_subnetwork_spacing"]},"secondary_cidr_subnetwork_width_delta":{"references":["var.secondary_cidr_subnetwork_width_delta"]}},"module":{"outputs":{"network":{"expression":{"references":["google_compute_network.vpc.self_link","google_compute_network.vpc"]},"description":"A reference (self_link) to the VPC network"},"private":{"expression":{"references":["module.network_firewall.private","module.network_firewall"]},"description":"The network tag string used for the private access tier"},"private_persistence":{"expression":{"references":["module.network_firewall.private_persistence","module.network_firewall"]},"description":"The network tag string used for the private-persistence access tier"},"private_subnetwork":{"expression":{"references":["google_compute_subnetwork.vpc_subnetwork_private.self_link","google_compute_subnetwork.vpc_subnetwork_private"]},"description":"A reference (self_link) to the private subnetwork"},"private_subnetwork_cidr_block":{"expression":{"references":["google_compute_subnetwork.vpc_subnetwork_private.ip_cidr_range","google_compute_subnetwork.vpc_subnetwork_private"]}},"private_subnetwork_gateway":{"expression":{"references":["google_compute_subnetwork.vpc_subnetwork_private.gateway_address","google_compute_subnetwork.vpc_subnetwork_private"]}},"private_subnetwork_name":{"expression":{"references":["google_compute_subnetwork.vpc_subnetwork_private.name","google_compute_subnetwork.vpc_subnetwork_private"]},"description":"Name of the private subnetwork"},"private_subnetwork_secondary_cidr_block":{"expression":{"references":["google_compute_subnetwork.vpc_subnetwork_private.secondary_ip_range[0].ip_cidr_range","google_compute_subnetwork.vpc_subnetwork_private.secondary_ip_range[0]","google_compute_subnetwork.vpc_subnetwork_private.secondary_ip_range","google_compute_subnetwork.vpc_subnetwork_private"]}},"private_subnetwork_secondary_range_name":{"expression":{"references":["google_compute_subnetwork.vpc_subnetwork_private.secondary_ip_range[0].range_name","google_compute_subnetwork.vpc_subnetwork_private.secondary_ip_range[0]","google_compute_subnetwork.vpc_subnetwork_private.secondary_ip_range","google_compute_subnetwork.vpc_subnetwork_private"]}},"public":{"expression":{"references":["module.network_firewall.public","module.network_firewall"]},"description":"The network tag string used for the public access tier"},"public_restricted":{"expression":{"references":["module.network_firewall.public_restricted","module.network_firewall"]},"description":"The string of the public tag"},"public_services_secondary_cidr_block":{"expression":{"references":["google_compute_subnetwork.vpc_subnetwork_public.secondary_ip_range[1].ip_cidr_range","google_compute_subnetwork.vpc_subnetwork_public.secondary_ip_range[1]","google_compute_subnetwork.vpc_subnetwork_public.secondary_ip_range","google_compute_subnetwork.vpc_subnetwork_public"]}},"public_services_secondary_range_name":{"expression":{"references":["google_compute_subnetwork.vpc_subnetwork_public.secondary_ip_range[1].range_name","google_compute_subnetwork.vpc_subnetwork_public.secondary_ip_range[1]","google_compute_subnetwork.vpc_subnetwork_public.secondary_ip_range","google_compute_subnetwork.vpc_subnetwork_public"]}},"public_subnetwork":{"expression":{"references":["google_compute_subnetwork.vpc_subnetwork_public.self_link","google_compute_subnetwork.vpc_subnetwork_public"]},"description":"A reference (self_link) to the public subnetwork"},"public_subnetwork_cidr_block":{"expression":{"references":["google_compute_subnetwork.vpc_subnetwork_public.ip_cidr_range","google_compute_subnetwork.vpc_subnetwork_public"]}},"public_subnetwork_gateway":{"expression":{"references":["google_compute_subnetwork.vpc_subnetwork_public.gateway_address","google_compute_subnetwork.vpc_subnetwork_public"]}},"public_subnetwork_name":{"expression":{"references":["google_compute_subnetwork.vpc_subnetwork_public.name","google_compute_subnetwork.vpc_subnetwork_public"]},"description":"Name of the public subnetwork"},"public_subnetwork_secondary_cidr_block":{"expression":{"references":["google_compute_subnetwork.vpc_subnetwork_public.secondary_ip_range[0].ip_cidr_range","google_compute_subnetwork.vpc_subnetwork_public.secondary_ip_range[0]","google_compute_subnetwork.vpc_subnetwork_public.secondary_ip_range","google_compute_subnetwork.vpc_subnetwork_public"]}},"public_subnetwork_secondary_range_name":{"expression":{"references":["google_compute_subnetwork.vpc_subnetwork_public.secondary_ip_range[0].range_name","google_compute_subnetwork.vpc_subnetwork_public.secondary_ip_range[0]","google_compute_subnetwork.vpc_subnetwork_public.secondary_ip_range","google_compute_subnetwork.vpc_subnetwork_public"]}}},"resources":[{"address":"google_compute_network.vpc","mode":"managed","type":"google_compute_network","name":"vpc","provider_config_key":"google","expressions":{"auto_create_subnetworks":{"constant_value":"false"},"name":{"references":["var.name_prefix"]},"project":{"references":["var.project"]},"routing_mode":{"constant_value":"REGIONAL"}},"schema_version":0},{"address":"google_compute_router.vpc_router","mode":"managed","type":"google_compute_router","name":"vpc_router","provider_config_key":"google","expressions":{"name":{"references":["var.name_prefix"]},"network":{"references":["google_compute_network.vpc.self_link","google_compute_network.vpc"]},"project":{"references":["var.project"]},"region":{"references":["var.region"]}},"schema_version":0},{"address":"google_compute_router_nat.vpc_nat","mode":"managed","type":"google_compute_router_nat","name":"vpc_nat","provider_config_key":"google","expressions":{"name":{"references":["var.name_prefix"]},"nat_ip_allocate_option":{"constant_value":"AUTO_ONLY"},"project":{"references":["var.project"]},"region":{"references":["var.region"]},"router":{"references":["google_compute_router.vpc_router.name","google_compute_router.vpc_router"]},"source_subnetwork_ip_ranges_to_nat":{"constant_value":"LIST_OF_SUBNETWORKS"},"subnetwork":[{"name":{"references":["google_compute_subnetwork.vpc_subnetwork_public.self_link","google_compute_subnetwork.vpc_subnetwork_public"]},"source_ip_ranges_to_nat":{"constant_value":["ALL_IP_RANGES"]}}]},"schema_version":0},{"address":"google_compute_subnetwork.vpc_subnetwork_private","mode":"managed","type":"google_compute_subnetwork","name":"vpc_subnetwork_private","provider_config_key":"google","expressions":{"ip_cidr_range":{"references":["var.cidr_block","var.cidr_subnetwork_width_delta","var.cidr_subnetwork_spacing"]},"name":{"references":["var.name_prefix"]},"network":{"references":["google_compute_network.vpc.self_link","google_compute_network.vpc"]},"private_ip_google_access":{"constant_value":true},"project":{"references":["var.project"]},"region":{"references":["var.region"]},"secondary_ip_range":{"references":["var.private_services_secondary_cidr_block","var.private_services_secondary_cidr_block","var.secondary_cidr_block","var.secondary_cidr_subnetwork_width_delta","var.secondary_cidr_subnetwork_spacing"]}},"schema_version":0},{"address":"google_compute_subnetwork.vpc_subnetwork_public","mode":"managed","type":"google_compute_subnetwork","name":"vpc_subnetwork_public","provider_config_key":"google","expressions":{"ip_cidr_range":{"references":["var.cidr_block","var.cidr_subnetwork_width_delta"]},"name":{"references":["var.name_prefix"]},"network":{"references":["google_compute_network.vpc.self_link","google_compute_network.vpc"]},"private_ip_google_access":{"constant_value":true},"project":{"references":["var.project"]},"region":{"references":["var.region"]},"secondary_ip_range":{"references":["var.public_subnetwork_secondary_range_name","var.secondary_cidr_block","var.secondary_cidr_subnetwork_width_delta","var.public_services_secondary_range_name","var.public_services_secondary_cidr_block","var.public_services_secondary_cidr_block","var.secondary_cidr_block","var.secondary_cidr_subnetwork_width_delta","var.secondary_cidr_subnetwork_spacing"]}},"schema_version":0}],"module_calls":{"network_firewall":{"source":"../network-firewall","expressions":{"allowed_public_restricted_subnetworks":{"references":["var.allowed_public_restricted_subnetworks"]},"name_prefix":{"references":["var.name_prefix"]},"network":{"references":["google_compute_network.vpc.self_link","google_compute_network.vpc"]},"private_subnetwork":{"references":["google_compute_subnetwork.vpc_subnetwork_private.self_link","google_compute_subnetwork.vpc_subnetwork_private"]},"project":{"references":["var.project"]},"public_subnetwork":{"references":["google_compute_subnetwork.vpc_subnetwork_public.self_link","google_compute_subnetwork.vpc_subnetwork_public"]}},"module":{"outputs":{"private":{"expression":{"references":["local.private"]},"description":"The string of the private tag"},"private_persistence":{"expression":{"references":["local.private_persistence"]},"description":"The string of the private-persistence tag"},"public":{"expression":{"references":["local.public"]},"description":"The string of the public tag"},"public_restricted":{"expression":{"references":["local.public_restricted"]},"description":"The string of the public tag"}},"resources":[{"address":"google_compute_firewall.private_allow_all_network_inbound","mode":"managed","type":"google_compute_firewall","name":"private_allow_all_network_inbound","provider_config_key":"google","expressions":{"allow":[{"protocol":{"constant_value":"all"}}],"direction":{"constant_value":"INGRESS"},"name":{"references":["var.name_prefix"]},"network":{"references":["var.network"]},"priority":{"constant_value":"1000"},"project":{"references":["var.project"]},"source_ranges":{"references":["data.google_compute_subnetwork.public_subnetwork.ip_cidr_range","data.google_compute_subnetwork.public_subnetwork","data.google_compute_subnetwork.public_subnetwork.secondary_ip_range[0].ip_cidr_range","data.google_compute_subnetwork.public_subnetwork.secondary_ip_range[0]","data.google_compute_subnetwork.public_subnetwork.secondary_ip_range","data.google_compute_subnetwork.public_subnetwork","data.google_compute_subnetwork.public_subnetwork.secondary_ip_range[1].ip_cidr_range","data.google_compute_subnetwork.public_subnetwork.secondary_ip_range[1]","data.google_compute_subnetwork.public_subnetwork.secondary_ip_range","data.google_compute_subnetwork.public_subnetwork","data.google_compute_subnetwork.private_subnetwork.ip_cidr_range","data.google_compute_subnetwork.private_subnetwork","data.google_compute_subnetwork.private_subnetwork.secondary_ip_range[0].ip_cidr_range","data.google_compute_subnetwork.private_subnetwork.secondary_ip_range[0]","data.google_compute_subnetwork.private_subnetwork.secondary_ip_range","data.google_compute_subnetwork.private_subnetwork"]},"target_tags":{"references":["local.private"]}},"schema_version":1},{"address":"google_compute_firewall.private_allow_restricted_network_inbound","mode":"managed","type":"google_compute_firewall","name":"private_allow_restricted_network_inbound","provider_config_key":"google","expressions":{"allow":[{"protocol":{"constant_value":"all"}}],"direction":{"constant_value":"INGRESS"},"name":{"references":["var.name_prefix"]},"network":{"references":["var.network"]},"priority":{"constant_value":"1000"},"project":{"references":["var.project"]},"source_tags":{"references":["local.private","local.private_persistence"]},"target_tags":{"references":["local.private_persistence"]}},"schema_version":1},{"address":"google_compute_firewall.public_allow_all_inbound","mode":"managed","type":"google_compute_firewall","name":"public_allow_all_inbound","provider_config_key":"google","expressions":{"allow":[{"protocol":{"constant_value":"all"}}],"direction":{"constant_value":"INGRESS"},"name":{"references":["var.name_prefix"]},"network":{"references":["var.network"]},"priority":{"constant_value":"1000"},"project":{"references":["var.project"]},"source_ranges":{"constant_value":["0.0.0.0/0"]},"target_tags":{"references":["local.public"]}},"schema_version":1},{"address":"google_compute_firewall.public_restricted_allow_inbound","mode":"managed","type":"google_compute_firewall","name":"public_restricted_allow_inbound","provider_config_key":"google","expressions":{"allow":[{"protocol":{"constant_value":"all"}}],"direction":{"constant_value":"INGRESS"},"name":{"references":["var.name_prefix"]},"network":{"references":["var.network"]},"priority":{"constant_value":"1000"},"project":{"references":["var.project"]},"source_ranges":{"references":["var.allowed_public_restricted_subnetworks"]},"target_tags":{"references":["local.public_restricted"]}},"schema_version":1,"count_expression":{"references":["var.allowed_public_restricted_subnetworks"]}},{"address":"data.google_compute_subnetwork.private_subnetwork","mode":"data","type":"google_compute_subnetwork","name":"private_subnetwork","provider_config_key":"google","expressions":{"self_link":{"references":["var.private_subnetwork"]}},"schema_version":0},{"address":"data.google_compute_subnetwork.public_subnetwork","mode":"data","type":"google_compute_subnetwork","name":"public_subnetwork","provider_config_key":"google","expressions":{"self_link":{"references":["var.public_subnetwork"]}},"schema_version":0}],"variables":{"allowed_public_restricted_subnetworks":{"default":[],"description":"The public networks that is allowed access to the public_restricted subnetwork of the network"},"name_prefix":{"default":"joy2","description":"A name prefix used in resource names to ensure uniqueness across a project."},"network":{"description":"A reference (self_link) to the VPC network to apply firewall rules to"},"private_subnetwork":{"description":"A reference (self_link) to the private subnetwork of the network"},"project":{"default":"satya-project-344408","description":"The project to create the firewall rules in. Must match the network project."},"public_subnetwork":{"description":"A reference (self_link) to the public subnetwork of the network"}}}}},"variables":{"allowed_public_restricted_subnetworks":{"default":[],"description":"The public networks that is allowed access to the public_restricted subnetwork of the network"},"cidr_block":{"default":"10.0.0.0/16","description":"The IP address range of the VPC in CIDR notation. A prefix of /16 is recommended. Do not use a prefix higher than /27."},"cidr_subnetwork_spacing":{"default":0,"description":"How many subnetwork-mask sized spaces to leave between each subnetwork type."},"cidr_subnetwork_width_delta":{"default":4,"description":"The difference between your network and subnetwork netmask; an /16 network and a /20 subnetwork would be 4."},"log_config":{"default":{"aggregation_interval":"INTERVAL_10_MIN","flow_sampling":0.5,"metadata":"INCLUDE_ALL_METADATA"},"description":"The logging options for the subnetwork flow logs. Setting this value to `null` will disable them. See https://www.terraform.io/docs/providers/google/r/compute_subnetwork.html for more information and examples."},"name_prefix":{"default":"","description":"A name prefix used in resource names to ensure uniqueness across a project."},"private_services_secondary_cidr_block":{"default":null,"description":"The IP address range of the VPC's private services secondary address range in CIDR notation. A prefix of /16 is recommended. Do not use a prefix higher than /27. Note: this variable is optional and is used primarily for backwards compatibility, if not specified a range will be calculated using var.secondary_cidr_block, var.secondary_cidr_subnetwork_width_delta and var.secondary_cidr_subnetwork_spacing."},"project":{"default":"","description":"The project ID for the network"},"public_services_secondary_cidr_block":{"default":null,"description":"The IP address range of the VPC's public services secondary address range in CIDR notation. A prefix of /16 is recommended. Do not use a prefix higher than /27. Note: this variable is optional and is used primarily for backwards compatibility, if not specified a range will be calculated using var.secondary_cidr_block, var.secondary_cidr_subnetwork_width_delta and var.secondary_cidr_subnetwork_spacing."},"public_services_secondary_range_name":{"default":"public-services","description":"The name associated with the services subnetwork secondary range, used when adding an alias IP range to a VM instance. The name must be 1-63 characters long, and comply with RFC1035. The name must be unique within the subnetwork."},"public_subnetwork_secondary_range_name":{"default":"public-cluster","description":"The name associated with the pod subnetwork secondary range, used when adding an alias IP range to a VM instance. The name must be 1-63 characters long, and comply with RFC1035. The name must be unique within the subnetwork."},"region":{"default":"","description":"The region for subnetworks in the network"},"secondary_cidr_block":{"default":"10.1.0.0/16","description":"The IP address range of the VPC's secondary address range in CIDR notation. A prefix of /16 is recommended. Do not use a prefix higher than /27."},"secondary_cidr_subnetwork_spacing":{"default":0,"description":"How many subnetwork-mask sized spaces to leave between each subnetwork type's secondary ranges."},"secondary_cidr_subnetwork_width_delta":{"default":4,"description":"The difference between your network and subnetwork's secondary range netmask; an /16 network and a /20 subnetwork would be 4."}}}}},"variables":{"cluster_name":{"default":"joy-cluster","description":"The name of the Kubernetes cluster."},"cluster_service_account_description":{"default":"Example GKE Cluster Service Account managed by Terraform","description":"A description of the custom service account used for the GKE cluster."},"cluster_service_account_name":{"default":"joy-cluster-sa","description":"The name of the custom service account used for the GKE cluster. This parameter is limited to a maximum of 28 characters."},"image_type":{"default":"COS"},"initial_node_count":{"default":"2"},"kubectl_config_path":{"default":"$HOME/.kube/config","description":"Path to the kubectl config file. Defaults to $HOME/.kube/config"},"location":{"default":"us-central1-c"},"machine_type":{"default":"n1-standard-1"},"master_ipv4_cidr_block":{"default":"10.5.0.0/28","description":"The IP range in CIDR notation (size must be /28) to use for the hosted master network. This range will be used for assigning internal IP addresses to the master or set of masters, as well as the ILB VIP. This range must not overlap with any other ranges in use within the cluster's network."},"max_node_count":{"default":"5"},"min_node_count":{"default":"2"},"private_services_secondary_cidr_block":{"default":null,"description":"The IP address range of the VPC's private services secondary address range in CIDR notation. A prefix of /16 is recommended. Do not use a prefix higher than /27. Note: this variable is optional and is used primarily for backwards compatibility, if not specified a range will be calculated using var.secondary_cidr_block, var.secondary_cidr_subnetwork_width_delta and var.secondary_cidr_subnetwork_spacing."},"project":{"default":"satya-project-344408"},"public_services_secondary_cidr_block":{"default":null,"description":"The IP address range of the VPC's public services secondary address range in CIDR notation. A prefix of /16 is recommended. Do not use a prefix higher than /27. Note: this variable is optional and is used primarily for backwards compatibility, if not specified a range will be calculated using var.secondary_cidr_block, var.secondary_cidr_subnetwork_width_delta and var.secondary_cidr_subnetwork_spacing."},"public_services_secondary_range_name":{"default":"public-services","description":"The name associated with the services subnetwork secondary range, used when adding an alias IP range to a VM instance. The name must be 1-63 characters long, and comply with RFC1035. The name must be unique within the subnetwork."},"public_subnetwork_secondary_range_name":{"default":"public-cluster","description":"The name associated with the pod subnetwork secondary range, used when adding an alias IP range to a VM instance. The name must be 1-63 characters long, and comply with RFC1035. The name must be unique within the subnetwork."},"region":{"default":"us-central1"},"secondary_cidr_subnetwork_spacing":{"default":0,"description":"How many subnetwork-mask sized spaces to leave between each subnetwork type's secondary ranges."},"secondary_cidr_subnetwork_width_delta":{"default":4,"description":"The difference between your network and subnetwork's secondary range netmask; an /16 network and a /20 subnetwork would be 4."},"vpc_cidr_block":{"default":"10.3.0.0/16","description":"The IP address range of the VPC in CIDR notation. A prefix of /16 is recommended. Do not use a prefix higher than /27."},"vpc_secondary_cidr_block":{"default":"10.4.0.0/16","description":"The IP address range of the VPC's secondary address range in CIDR notation. A prefix of /16 is recommended. Do not use a prefix higher than /27."}}}},"relevant_attributes":[{"resource":"module.gke_cluster.google_container_cluster.cluster","attribute":["master_auth",0,"client_certificate"]},{"resource":"module.vpc_network.module.network_firewall.data.google_compute_subnetwork.public_subnetwork","attribute":["secondary_ip_range",1,"ip_cidr_range"]},{"resource":"module.vpc_network.module.network_firewall.data.google_compute_subnetwork.private_subnetwork","attribute":["secondary_ip_range",0,"ip_cidr_range"]},{"resource":"module.vpc_network.google_compute_subnetwork.vpc_subnetwork_private","attribute":["gateway_address"]},{"resource":"module.vpc_network.google_compute_subnetwork.vpc_subnetwork_public","attribute":["secondary_ip_range",1,"range_name"]},{"resource":"module.vpc_network.google_compute_subnetwork.vpc_subnetwork_public","attribute":["secondary_ip_range",0,"ip_cidr_range"]},{"resource":"module.gke_cluster.google_container_cluster.cluster","attribute":["master_auth",0,"client_key"]},{"resource":"module.gke_cluster.data.google_container_engine_versions.location","attribute":["latest_master_version"]},{"resource":"module.gke_cluster.google_container_cluster.cluster","attribute":["master_version"]},{"resource":"module.vpc_network.google_compute_router.vpc_router","attribute":["name"]},{"resource":"module.vpc_network.module.network_firewall.data.google_compute_subnetwork.private_subnetwork","attribute":["ip_cidr_range"]},{"resource":"module.vpc_network.google_compute_subnetwork.vpc_subnetwork_private","attribute":["self_link"]},{"resource":"module.vpc_network.google_compute_subnetwork.vpc_subnetwork_private","attribute":["secondary_ip_range",0,"ip_cidr_range"]},{"resource":"module.vpc_network.google_compute_subnetwork.vpc_subnetwork_private","attribute":["name"]},{"resource":"module.vpc_network.google_compute_subnetwork.vpc_subnetwork_public","attribute":["gateway_address"]},{"resource":"module.vpc_network.google_compute_subnetwork.vpc_subnetwork_public","attribute":["self_link"]},{"resource":"module.vpc_network.google_compute_subnetwork.vpc_subnetwork_public","attribute":["secondary_ip_range",1,"ip_cidr_range"]},{"resource":"module.gke_cluster.google_container_cluster.cluster","attribute":["name"]},{"resource":"module.vpc_network.google_compute_network.vpc","attribute":["self_link"]},{"resource":"module.vpc_network.module.network_firewall.data.google_compute_subnetwork.public_subnetwork","attribute":["ip_cidr_range"]},{"resource":"module.vpc_network.module.network_firewall.data.google_compute_subnetwork.public_subnetwork","attribute":["secondary_ip_range",0,"ip_cidr_range"]},{"resource":"module.vpc_network.google_compute_subnetwork.vpc_subnetwork_public","attribute":["name"]},{"resource":"module.gke_cluster.google_container_cluster.cluster","attribute":["endpoint"]},{"resource":"random_string.suffix","attribute":["result"]},{"resource":"module.gke_service_account.google_service_account.service_account","attribute":["email"]},{"resource":"module.vpc_network.google_compute_subnetwork.vpc_subnetwork_private","attribute":["ip_cidr_range"]},{"resource":"module.vpc_network.google_compute_subnetwork.vpc_subnetwork_private","attribute":["secondary_ip_range",0,"range_name"]},{"resource":"module.vpc_network.google_compute_subnetwork.vpc_subnetwork_public","attribute":["ip_cidr_range"]},{"resource":"module.vpc_network.google_compute_subnetwork.vpc_subnetwork_public","attribute":["secondary_ip_range",0,"range_name"]},{"resource":"module.gke_cluster.google_container_cluster.cluster","attribute":["master_auth",0,"cluster_ca_certificate"]}]}
